// !$*UTF8*$!
{
	archiveVersion = 1;
	classes = {
	};
	objectVersion = 46;
	objects = {

/* Begin PBXBuildFile section */
		A46068891B2F04F100DBF04E /* MenuCell.m in Sources */ = {isa = PBXBuildFile; fileRef = A4ACB00A1B2DBED70037E00C /* MenuCell.m */; };
		A460688A1B2F04F100DBF04E /* ButtonItem.m in Sources */ = {isa = PBXBuildFile; fileRef = A4ACAFFD1B2D8C530037E00C /* ButtonItem.m */; };
		A460688B1B2F04F100DBF04E /* UIColor+Category.m in Sources */ = {isa = PBXBuildFile; fileRef = A4ACAFF71B2D8B1A0037E00C /* UIColor+Category.m */; };
		A460688C1B2F04F100DBF04E /* LoginVC.m in Sources */ = {isa = PBXBuildFile; fileRef = A4ACB0111B2EA3D30037E00C /* LoginVC.m */; };
		A460688D1B2F04F100DBF04E /* LeftMenuVC.m in Sources */ = {isa = PBXBuildFile; fileRef = A4ACB0061B2DA9210037E00C /* LeftMenuVC.m */; };
		A460688E1B2F04F100DBF04E /* HomePageVC.m in Sources */ = {isa = PBXBuildFile; fileRef = A4ACAFDD1B2D68490037E00C /* HomePageVC.m */; };
		A460688F1B2F04F100DBF04E /* BaseVC.m in Sources */ = {isa = PBXBuildFile; fileRef = A4ACAFD91B2D67700037E00C /* BaseVC.m */; };
		A46068901B2F04F100DBF04E /* XHNavigationView.m in Sources */ = {isa = PBXBuildFile; fileRef = A4ACAFE01B2D69E80037E00C /* XHNavigationView.m */; };
		A46068911B2F04F100DBF04E /* UIViewController+MMDrawerController.m in Sources */ = {isa = PBXBuildFile; fileRef = A4ACAFE81B2D74FD0037E00C /* UIViewController+MMDrawerController.m */; };
		A46068921B2F04F100DBF04E /* MMDrawerController.m in Sources */ = {isa = PBXBuildFile; fileRef = A4ACAFD41B2D65CB0037E00C /* MMDrawerController.m */; };
		A46068931B2F04F100DBF04E /* GDataXMLNode.m in Sources */ = {isa = PBXBuildFile; fileRef = A4ACAFC11B2D51510037E00C /* GDataXMLNode.m */; settings = {COMPILER_FLAGS = "-fno-objc-arc"; }; };
		A46068941B2F04F100DBF04E /* MBProgressHUD.m in Sources */ = {isa = PBXBuildFile; fileRef = A4ACAFC41B2D51510037E00C /* MBProgressHUD.m */; };
		A46068951B2F04F100DBF04E /* SVProgressHUD.m in Sources */ = {isa = PBXBuildFile; fileRef = A4ACAFC81B2D51510037E00C /* SVProgressHUD.m */; };
		A46068961B2F04F100DBF04E /* FileOperation.m in Sources */ = {isa = PBXBuildFile; fileRef = A4ACAFB01B2D513F0037E00C /* FileOperation.m */; };
		A46068971B2F04F100DBF04E /* WSRequestManager.m in Sources */ = {isa = PBXBuildFile; fileRef = A4ACAFB41B2D513F0037E00C /* WSRequestManager.m */; };
		A46068981B2F04F100DBF04E /* WSURLRequest.m in Sources */ = {isa = PBXBuildFile; fileRef = A4ACAFB61B2D513F0037E00C /* WSURLRequest.m */; };
		A46068991B2F04F100DBF04E /* AppDelegate.m in Sources */ = {isa = PBXBuildFile; fileRef = A4ACAF8A1B2D50670037E00C /* AppDelegate.m */; };
		A460689A1B2F04F100DBF04E /* main.m in Sources */ = {isa = PBXBuildFile; fileRef = A4ACAF871B2D50670037E00C /* main.m */; };
		A460689E1B2F220E00DBF04E /* PersonInfoVC.m in Sources */ = {isa = PBXBuildFile; fileRef = A460689D1B2F220E00DBF04E /* PersonInfoVC.m */; };
		A46068A51B2F22D500DBF04E /* BaseInfoCell.m in Sources */ = {isa = PBXBuildFile; fileRef = A46068A31B2F22D500DBF04E /* BaseInfoCell.m */; };
		A46068A61B2F22D500DBF04E /* BaseInfoCell.xib in Resources */ = {isa = PBXBuildFile; fileRef = A46068A41B2F22D500DBF04E /* BaseInfoCell.xib */; };
		A4ACAF931B2D50670037E00C /* Images.xcassets in Resources */ = {isa = PBXBuildFile; fileRef = A4ACAF921B2D50670037E00C /* Images.xcassets */; };
		A4ACAFA21B2D50670037E00C /* XHHealthProjectTests.m in Sources */ = {isa = PBXBuildFile; fileRef = A4ACAFA11B2D50670037E00C /* XHHealthProjectTests.m */; };
		A4ACAFCB1B2D51510037E00C /* SVProgressHUD.bundle in Resources */ = {isa = PBXBuildFile; fileRef = A4ACAFC61B2D51510037E00C /* SVProgressHUD.bundle */; };
		A4ACAFCE1B2D51A00037E00C /* libz.dylib in Frameworks */ = {isa = PBXBuildFile; fileRef = A4ACAFCD1B2D51A00037E00C /* libz.dylib */; };
		A4ACAFD01B2D51A50037E00C /* libxml2.dylib in Frameworks */ = {isa = PBXBuildFile; fileRef = A4ACAFCF1B2D51A50037E00C /* libxml2.dylib */; };
		A4ACAFE61B2D6DE80037E00C /* head.png in Resources */ = {isa = PBXBuildFile; fileRef = A4ACAFE51B2D6DE80037E00C /* head.png */; };
		A4ACAFEB1B2D7C5A0037E00C /* searchbg.jpg in Resources */ = {isa = PBXBuildFile; fileRef = A4ACAFEA1B2D7C5A0037E00C /* searchbg.jpg */; };
		A4ACAFED1B2D7CA60037E00C /* self.png in Resources */ = {isa = PBXBuildFile; fileRef = A4ACAFEC1B2D7CA60037E00C /* self.png */; };
		A4ACB0151B2EA4670037E00C /* back.png in Resources */ = {isa = PBXBuildFile; fileRef = A4ACB0141B2EA4670037E00C /* back.png */; };
		A4F664D11B300523006B2BC0 /* LifeWayInfoCell.m in Sources */ = {isa = PBXBuildFile; fileRef = A4F664CF1B300523006B2BC0 /* LifeWayInfoCell.m */; };
		A4F664D21B300523006B2BC0 /* LifeWayInfoCell.xib in Resources */ = {isa = PBXBuildFile; fileRef = A4F664D01B300523006B2BC0 /* LifeWayInfoCell.xib */; };
		A4F6651A1B31CE81006B2BC0 /* XHHealthRequest.m in Sources */ = {isa = PBXBuildFile; fileRef = A4F665191B31CE81006B2BC0 /* XHHealthRequest.m */; };
		A4F751AF1B37DD1800CEE7BE /* BodyCheckVC.m in Sources */ = {isa = PBXBuildFile; fileRef = A4F751AE1B37DD1800CEE7BE /* BodyCheckVC.m */; };
		A4F751B31B37F11200CEE7BE /* PersonInfoModel.m in Sources */ = {isa = PBXBuildFile; fileRef = A4F751B21B37F11200CEE7BE /* PersonInfoModel.m */; };
		A4F751B71B37F46D00CEE7BE /* BodyCheckModel.m in Sources */ = {isa = PBXBuildFile; fileRef = A4F751B61B37F46D00CEE7BE /* BodyCheckModel.m */; };
		A4F751BB1B37FA2200CEE7BE /* DiseaseStatusModel.m in Sources */ = {isa = PBXBuildFile; fileRef = A4F751BA1B37FA2200CEE7BE /* DiseaseStatusModel.m */; };
		A4F751BF1B37FD9800CEE7BE /* LifeStyleModel.m in Sources */ = {isa = PBXBuildFile; fileRef = A4F751BE1B37FD9800CEE7BE /* LifeStyleModel.m */; };
		A4F751C31B37FF7200CEE7BE /* FitNessModel.m in Sources */ = {isa = PBXBuildFile; fileRef = A4F751C21B37FF7200CEE7BE /* FitNessModel.m */; };
		A4F751CA1B38198B00CEE7BE /* BodyCompositionVC.m in Sources */ = {isa = PBXBuildFile; fileRef = A4F751C91B38198B00CEE7BE /* BodyCompositionVC.m */; };
		A4F751ED1B38272C00CEE7BE /* MKAnnotationView+WebCache.m in Sources */ = {isa = PBXBuildFile; fileRef = A4F751CD1B38272C00CEE7BE /* MKAnnotationView+WebCache.m */; };
		A4F751EE1B38272C00CEE7BE /* NSData+ImageContentType.m in Sources */ = {isa = PBXBuildFile; fileRef = A4F751CF1B38272C00CEE7BE /* NSData+ImageContentType.m */; };
		A4F751EF1B38272C00CEE7BE /* SDImageCache.m in Sources */ = {isa = PBXBuildFile; fileRef = A4F751D11B38272C00CEE7BE /* SDImageCache.m */; };
		A4F751F01B38272C00CEE7BE /* SDWebImageCompat.m in Sources */ = {isa = PBXBuildFile; fileRef = A4F751D31B38272C00CEE7BE /* SDWebImageCompat.m */; };
		A4F751F11B38272C00CEE7BE /* SDWebImageDecoder.m in Sources */ = {isa = PBXBuildFile; fileRef = A4F751D51B38272C00CEE7BE /* SDWebImageDecoder.m */; };
		A4F751F21B38272C00CEE7BE /* SDWebImageDownloader.m in Sources */ = {isa = PBXBuildFile; fileRef = A4F751D71B38272C00CEE7BE /* SDWebImageDownloader.m */; };
		A4F751F31B38272C00CEE7BE /* SDWebImageDownloaderOperation.m in Sources */ = {isa = PBXBuildFile; fileRef = A4F751D91B38272C00CEE7BE /* SDWebImageDownloaderOperation.m */; };
		A4F751F41B38272C00CEE7BE /* SDWebImageManager.m in Sources */ = {isa = PBXBuildFile; fileRef = A4F751DB1B38272C00CEE7BE /* SDWebImageManager.m */; };
		A4F751F51B38272C00CEE7BE /* SDWebImagePrefetcher.m in Sources */ = {isa = PBXBuildFile; fileRef = A4F751DE1B38272C00CEE7BE /* SDWebImagePrefetcher.m */; };
		A4F751F61B38272C00CEE7BE /* UIButton+WebCache.m in Sources */ = {isa = PBXBuildFile; fileRef = A4F751E01B38272C00CEE7BE /* UIButton+WebCache.m */; };
		A4F751F71B38272C00CEE7BE /* UIImage+GIF.m in Sources */ = {isa = PBXBuildFile; fileRef = A4F751E21B38272C00CEE7BE /* UIImage+GIF.m */; };
		A4F751F81B38272C00CEE7BE /* UIImage+MultiFormat.m in Sources */ = {isa = PBXBuildFile; fileRef = A4F751E41B38272C00CEE7BE /* UIImage+MultiFormat.m */; };
		A4F751F91B38272C00CEE7BE /* UIImage+WebP.m in Sources */ = {isa = PBXBuildFile; fileRef = A4F751E61B38272C00CEE7BE /* UIImage+WebP.m */; };
		A4F751FA1B38272C00CEE7BE /* UIImageView+HighlightedWebCache.m in Sources */ = {isa = PBXBuildFile; fileRef = A4F751E81B38272C00CEE7BE /* UIImageView+HighlightedWebCache.m */; };
		A4F751FB1B38272C00CEE7BE /* UIImageView+WebCache.m in Sources */ = {isa = PBXBuildFile; fileRef = A4F751EA1B38272C00CEE7BE /* UIImageView+WebCache.m */; };
		A4F751FC1B38272C00CEE7BE /* UIView+WebCacheOperation.m in Sources */ = {isa = PBXBuildFile; fileRef = A4F751EC1B38272C00CEE7BE /* UIView+WebCacheOperation.m */; };
		A4F752001B384BE700CEE7BE /* BloodPressureModel.m in Sources */ = {isa = PBXBuildFile; fileRef = A4F751FF1B384BE700CEE7BE /* BloodPressureModel.m */; };
		A4F752041B384CE700CEE7BE /* EcgModel.m in Sources */ = {isa = PBXBuildFile; fileRef = A4F752031B384CE700CEE7BE /* EcgModel.m */; };
		A4F752091B38508700CEE7BE /* BloodPressCell.m in Sources */ = {isa = PBXBuildFile; fileRef = A4F752071B38508700CEE7BE /* BloodPressCell.m */; };
		A4F7520A1B38508700CEE7BE /* BloodPressCell.xib in Resources */ = {isa = PBXBuildFile; fileRef = A4F752081B38508700CEE7BE /* BloodPressCell.xib */; };
		A4F7520E1B38596300CEE7BE /* PressAndEcg.m in Sources */ = {isa = PBXBuildFile; fileRef = A4F7520D1B38596300CEE7BE /* PressAndEcg.m */; };
		A4F752131B39BC0E00CEE7BE /* EcgBottomCell.m in Sources */ = {isa = PBXBuildFile; fileRef = A4F752111B39BC0E00CEE7BE /* EcgBottomCell.m */; };
		A4F752141B39BC0E00CEE7BE /* EcgBottomCell.xib in Resources */ = {isa = PBXBuildFile; fileRef = A4F752121B39BC0E00CEE7BE /* EcgBottomCell.xib */; };
		A4F752181B3AE10100CEE7BE /* BiochemistryAndImmunityModel.m in Sources */ = {isa = PBXBuildFile; fileRef = A4F752171B3AE10100CEE7BE /* BiochemistryAndImmunityModel.m */; };
		A4F7521C1B3AE46A00CEE7BE /* BiochemistryAndImmunityVC.m in Sources */ = {isa = PBXBuildFile; fileRef = A4F7521B1B3AE46A00CEE7BE /* BiochemistryAndImmunityVC.m */; };
		A4F752201B3AEE0C00CEE7BE /* EyeGeneralExamModel.m in Sources */ = {isa = PBXBuildFile; fileRef = A4F7521F1B3AEE0C00CEE7BE /* EyeGeneralExamModel.m */; };
		A4F752241B3AEFED00CEE7BE /* EyeOphthalmologyExamModel.m in Sources */ = {isa = PBXBuildFile; fileRef = A4F752231B3AEFED00CEE7BE /* EyeOphthalmologyExamModel.m */; };
		A4F752281B3AF1F300CEE7BE /* EyeFundusExamModel.m in Sources */ = {isa = PBXBuildFile; fileRef = A4F752271B3AF1F300CEE7BE /* EyeFundusExamModel.m */; };
		A4F7522D1B3AF37F00CEE7BE /* EyeGenerCheckCell.m in Sources */ = {isa = PBXBuildFile; fileRef = A4F7522B1B3AF37F00CEE7BE /* EyeGenerCheckCell.m */; };
		A4F7522E1B3AF37F00CEE7BE /* EyeGenerCheckCell.xib in Resources */ = {isa = PBXBuildFile; fileRef = A4F7522C1B3AF37F00CEE7BE /* EyeGenerCheckCell.xib */; };
		A4F752331B3AF47800CEE7BE /* EyeFundusExam.m in Sources */ = {isa = PBXBuildFile; fileRef = A4F752311B3AF47800CEE7BE /* EyeFundusExam.m */; };
		A4F752341B3AF47800CEE7BE /* EyeFundusExam.xib in Resources */ = {isa = PBXBuildFile; fileRef = A4F752321B3AF47800CEE7BE /* EyeFundusExam.xib */; };
		A4F752381B3B05CD00CEE7BE /* EyeFundusExamVC.m in Sources */ = {isa = PBXBuildFile; fileRef = A4F752371B3B05CD00CEE7BE /* EyeFundusExamVC.m */; };
		A4F7524C1B3C537300CEE7BE /* 1_no.png in Resources */ = {isa = PBXBuildFile; fileRef = A4F7523A1B3C537200CEE7BE /* 1_no.png */; };
		A4F7524D1B3C537300CEE7BE /* 1.png in Resources */ = {isa = PBXBuildFile; fileRef = A4F7523B1B3C537200CEE7BE /* 1.png */; };
		A4F7524E1B3C537300CEE7BE /* 2_no.png in Resources */ = {isa = PBXBuildFile; fileRef = A4F7523C1B3C537200CEE7BE /* 2_no.png */; };
		A4F7524F1B3C537300CEE7BE /* 2.png in Resources */ = {isa = PBXBuildFile; fileRef = A4F7523D1B3C537200CEE7BE /* 2.png */; };
		A4F752501B3C537300CEE7BE /* 3_no.png in Resources */ = {isa = PBXBuildFile; fileRef = A4F7523E1B3C537300CEE7BE /* 3_no.png */; };
		A4F752511B3C537300CEE7BE /* 3.png in Resources */ = {isa = PBXBuildFile; fileRef = A4F7523F1B3C537300CEE7BE /* 3.png */; };
		A4F752521B3C537300CEE7BE /* 4_no.png in Resources */ = {isa = PBXBuildFile; fileRef = A4F752401B3C537300CEE7BE /* 4_no.png */; };
		A4F752531B3C537300CEE7BE /* 4.png in Resources */ = {isa = PBXBuildFile; fileRef = A4F752411B3C537300CEE7BE /* 4.png */; };
		A4F752541B3C537300CEE7BE /* 5_no.png in Resources */ = {isa = PBXBuildFile; fileRef = A4F752421B3C537300CEE7BE /* 5_no.png */; };
		A4F752551B3C537300CEE7BE /* 5.png in Resources */ = {isa = PBXBuildFile; fileRef = A4F752431B3C537300CEE7BE /* 5.png */; };
		A4F752561B3C537300CEE7BE /* 6_no.png in Resources */ = {isa = PBXBuildFile; fileRef = A4F752441B3C537300CEE7BE /* 6_no.png */; };
		A4F752571B3C537300CEE7BE /* 6.png in Resources */ = {isa = PBXBuildFile; fileRef = A4F752451B3C537300CEE7BE /* 6.png */; };
		A4F752581B3C537300CEE7BE /* 7_no.png in Resources */ = {isa = PBXBuildFile; fileRef = A4F752461B3C537300CEE7BE /* 7_no.png */; };
		A4F752591B3C537300CEE7BE /* 7.png in Resources */ = {isa = PBXBuildFile; fileRef = A4F752471B3C537300CEE7BE /* 7.png */; };
		A4F7525A1B3C537300CEE7BE /* 8_no.png in Resources */ = {isa = PBXBuildFile; fileRef = A4F752481B3C537300CEE7BE /* 8_no.png */; };
		A4F7525B1B3C537300CEE7BE /* 8.png in Resources */ = {isa = PBXBuildFile; fileRef = A4F752491B3C537300CEE7BE /* 8.png */; };
		A4F7525C1B3C537300CEE7BE /* 9_no.png in Resources */ = {isa = PBXBuildFile; fileRef = A4F7524A1B3C537300CEE7BE /* 9_no.png */; };
		A4F7525D1B3C537300CEE7BE /* 9.png in Resources */ = {isa = PBXBuildFile; fileRef = A4F7524B1B3C537300CEE7BE /* 9.png */; };
		A4F752621B3C53BD00CEE7BE /* ButtonCollectionCell.m in Sources */ = {isa = PBXBuildFile; fileRef = A4F752601B3C53BD00CEE7BE /* ButtonCollectionCell.m */; };
		A4F752631B3C53BD00CEE7BE /* ButtonCollectionCell.xib in Resources */ = {isa = PBXBuildFile; fileRef = A4F752611B3C53BD00CEE7BE /* ButtonCollectionCell.xib */; };
		A4F752841B3D8AC300CEE7BE /* top.png in Resources */ = {isa = PBXBuildFile; fileRef = A4F752761B3D8AC300CEE7BE /* top.png */; };
		A4F752851B3D8AC300CEE7BE /* bottom.png in Resources */ = {isa = PBXBuildFile; fileRef = A4F752771B3D8AC300CEE7BE /* bottom.png */; };
		A4F752861B3D8AC300CEE7BE /* line.gif in Resources */ = {isa = PBXBuildFile; fileRef = A4F752781B3D8AC300CEE7BE /* line.gif */; };
		A4F752871B3D8AC300CEE7BE /* wenjuan.png in Resources */ = {isa = PBXBuildFile; fileRef = A4F752791B3D8AC300CEE7BE /* wenjuan.png */; };
		A4F752881B3D8AC300CEE7BE /* tizhi.png in Resources */ = {isa = PBXBuildFile; fileRef = A4F7527A1B3D8AC300CEE7BE /* tizhi.png */; };
		A4F752891B3D8AC300CEE7BE /* shenti.png in Resources */ = {isa = PBXBuildFile; fileRef = A4F7527B1B3D8AC300CEE7BE /* shenti.png */; };
		A4F7528A1B3D8AC300CEE7BE /* pressecg.png in Resources */ = {isa = PBXBuildFile; fileRef = A4F7527C1B3D8AC300CEE7BE /* pressecg.png */; };
		A4F7528B1B3D8AC300CEE7BE /* headfunction.png in Resources */ = {isa = PBXBuildFile; fileRef = A4F7527D1B3D8AC300CEE7BE /* headfunction.png */; };
		A4F7528C1B3D8AC300CEE7BE /* bond.png in Resources */ = {isa = PBXBuildFile; fileRef = A4F7527E1B3D8AC300CEE7BE /* bond.png */; };
		A4F7528D1B3D8AC300CEE7BE /* eye.png in Resources */ = {isa = PBXBuildFile; fileRef = A4F7527F1B3D8AC300CEE7BE /* eye.png */; };
		A4F7528E1B3D8AC300CEE7BE /* blood.png in Resources */ = {isa = PBXBuildFile; fileRef = A4F752801B3D8AC300CEE7BE /* blood.png */; };
		A4F7528F1B3D8AC300CEE7BE /* shenghua.png in Resources */ = {isa = PBXBuildFile; fileRef = A4F752811B3D8AC300CEE7BE /* shenghua.png */; };
		A4F752901B3D8AC300CEE7BE /* 项目详情.png in Resources */ = {isa = PBXBuildFile; fileRef = A4F752821B3D8AC300CEE7BE /* 项目详情.png */; };
		A4F752911B3D8AC300CEE7BE /* point.png in Resources */ = {isa = PBXBuildFile; fileRef = A4F752831B3D8AC300CEE7BE /* point.png */; };
		A4F752F91B3FCF0500CEE7BE /* PersonLoginInfoVC.m in Sources */ = {isa = PBXBuildFile; fileRef = A4F752F81B3FCF0500CEE7BE /* PersonLoginInfoVC.m */; };
		EF2880531B3A51D200E073A7 /* GardiacAndPulmonary.m in Sources */ = {isa = PBXBuildFile; fileRef = EF2880521B3A51D200E073A7 /* GardiacAndPulmonary.m */; };
		EF28805D1B3A714200E073A7 /* PulmonaryInfoCell.m in Sources */ = {isa = PBXBuildFile; fileRef = EF28805B1B3A714200E073A7 /* PulmonaryInfoCell.m */; };
		EF28805E1B3A714200E073A7 /* PulmonaryInfoCell.xib in Resources */ = {isa = PBXBuildFile; fileRef = EF28805C1B3A714200E073A7 /* PulmonaryInfoCell.xib */; };
		EF2880621B3A8D5C00E073A7 /* GardiacModel.m in Sources */ = {isa = PBXBuildFile; fileRef = EF2880611B3A8D5C00E073A7 /* GardiacModel.m */; };
		EF2880651B3A8D6F00E073A7 /* pulmonaryModel.m in Sources */ = {isa = PBXBuildFile; fileRef = EF2880641B3A8D6F00E073A7 /* pulmonaryModel.m */; };
		EF2880691B3AA27300E073A7 /* BMDModel.m in Sources */ = {isa = PBXBuildFile; fileRef = EF2880681B3AA27300E073A7 /* BMDModel.m */; };
		EF28806D1B3AA34400E073A7 /* BMDViewController.m in Sources */ = {isa = PBXBuildFile; fileRef = EF28806C1B3AA34400E073A7 /* BMDViewController.m */; };
		EF2880711B3ABC1000E073A7 /* RoutineBloodAndBloodModel.m in Sources */ = {isa = PBXBuildFile; fileRef = EF2880701B3ABC1000E073A7 /* RoutineBloodAndBloodModel.m */; };
		EF2880751B3ABEFF00E073A7 /* RoutineBloodAndBloodViewController.m in Sources */ = {isa = PBXBuildFile; fileRef = EF2880741B3ABEFF00E073A7 /* RoutineBloodAndBloodViewController.m */; };
		EF583E201B37A9A800450E7A /* SecondCell.m in Sources */ = {isa = PBXBuildFile; fileRef = EF583E1E1B37A9A800450E7A /* SecondCell.m */; };
		EF583E211B37A9A800450E7A /* SecondCell.xib in Resources */ = {isa = PBXBuildFile; fileRef = EF583E1F1B37A9A800450E7A /* SecondCell.xib */; };
		EF583E261B37A9C600450E7A /* FirstCell.m in Sources */ = {isa = PBXBuildFile; fileRef = EF583E241B37A9C600450E7A /* FirstCell.m */; };
		EF583E271B37A9C600450E7A /* FirstCell.xib in Resources */ = {isa = PBXBuildFile; fileRef = EF583E251B37A9C600450E7A /* FirstCell.xib */; };
		EF583E2A1B37AE2700450E7A /* SurveyInfoVC.m in Sources */ = {isa = PBXBuildFile; fileRef = EF583E291B37AE2700450E7A /* SurveyInfoVC.m */; };
		EF7B96A51B36B802009CF4DF /* ThirdInfoCell.m in Sources */ = {isa = PBXBuildFile; fileRef = EF7B96A31B36B802009CF4DF /* ThirdInfoCell.m */; };
		EF7B96A61B36B802009CF4DF /* ThirdInfoCell.xib in Resources */ = {isa = PBXBuildFile; fileRef = EF7B96A41B36B802009CF4DF /* ThirdInfoCell.xib */; };
		EF7B96AB1B36B836009CF4DF /* FourthInfoCell.m in Sources */ = {isa = PBXBuildFile; fileRef = EF7B96A91B36B836009CF4DF /* FourthInfoCell.m */; };
		EF7B96AC1B36B836009CF4DF /* FourthInfoCell.xib in Resources */ = {isa = PBXBuildFile; fileRef = EF7B96AA1B36B836009CF4DF /* FourthInfoCell.xib */; };
/* End PBXBuildFile section */

/* Begin PBXContainerItemProxy section */
		A4ACAF9C1B2D50670037E00C /* PBXContainerItemProxy */ = {
			isa = PBXContainerItemProxy;
			containerPortal = A4ACAF7A1B2D50670037E00C /* Project object */;
			proxyType = 1;
			remoteGlobalIDString = A4ACAF811B2D50670037E00C;
			remoteInfo = XHHealthProject;
		};
/* End PBXContainerItemProxy section */

/* Begin PBXFileReference section */
		A460689C1B2F220E00DBF04E /* PersonInfoVC.h */ = {isa = PBXFileReference; fileEncoding = 4; lastKnownFileType = sourcecode.c.h; path = PersonInfoVC.h; sourceTree = "<group>"; };
		A460689D1B2F220E00DBF04E /* PersonInfoVC.m */ = {isa = PBXFileReference; fileEncoding = 4; lastKnownFileType = sourcecode.c.objc; path = PersonInfoVC.m; sourceTree = "<group>"; };
		A46068A21B2F22D500DBF04E /* BaseInfoCell.h */ = {isa = PBXFileReference; fileEncoding = 4; lastKnownFileType = sourcecode.c.h; path = BaseInfoCell.h; sourceTree = "<group>"; };
		A46068A31B2F22D500DBF04E /* BaseInfoCell.m */ = {isa = PBXFileReference; fileEncoding = 4; lastKnownFileType = sourcecode.c.objc; path = BaseInfoCell.m; sourceTree = "<group>"; };
		A46068A41B2F22D500DBF04E /* BaseInfoCell.xib */ = {isa = PBXFileReference; fileEncoding = 4; lastKnownFileType = file.xib; path = BaseInfoCell.xib; sourceTree = "<group>"; };
		A4ACAF821B2D50670037E00C /* XHHealthProject.app */ = {isa = PBXFileReference; explicitFileType = wrapper.application; includeInIndex = 0; path = XHHealthProject.app; sourceTree = BUILT_PRODUCTS_DIR; };
		A4ACAF861B2D50670037E00C /* Info.plist */ = {isa = PBXFileReference; lastKnownFileType = text.plist.xml; path = Info.plist; sourceTree = "<group>"; };
		A4ACAF871B2D50670037E00C /* main.m */ = {isa = PBXFileReference; lastKnownFileType = sourcecode.c.objc; path = main.m; sourceTree = "<group>"; };
		A4ACAF891B2D50670037E00C /* AppDelegate.h */ = {isa = PBXFileReference; lastKnownFileType = sourcecode.c.h; path = AppDelegate.h; sourceTree = "<group>"; };
		A4ACAF8A1B2D50670037E00C /* AppDelegate.m */ = {isa = PBXFileReference; lastKnownFileType = sourcecode.c.objc; path = AppDelegate.m; sourceTree = "<group>"; };
		A4ACAF921B2D50670037E00C /* Images.xcassets */ = {isa = PBXFileReference; lastKnownFileType = folder.assetcatalog; path = Images.xcassets; sourceTree = "<group>"; };
		A4ACAF9B1B2D50670037E00C /* XHHealthProjectTests.xctest */ = {isa = PBXFileReference; explicitFileType = wrapper.cfbundle; includeInIndex = 0; path = XHHealthProjectTests.xctest; sourceTree = BUILT_PRODUCTS_DIR; };
		A4ACAFA01B2D50670037E00C /* Info.plist */ = {isa = PBXFileReference; lastKnownFileType = text.plist.xml; path = Info.plist; sourceTree = "<group>"; };
		A4ACAFA11B2D50670037E00C /* XHHealthProjectTests.m */ = {isa = PBXFileReference; lastKnownFileType = sourcecode.c.objc; path = XHHealthProjectTests.m; sourceTree = "<group>"; };
		A4ACAFAC1B2D51340037E00C /* XHHealthProject.pch */ = {isa = PBXFileReference; lastKnownFileType = sourcecode.c.h; path = XHHealthProject.pch; sourceTree = "<group>"; };
		A4ACAFAE1B2D513F0037E00C /* Define.h */ = {isa = PBXFileReference; fileEncoding = 4; lastKnownFileType = sourcecode.c.h; path = Define.h; sourceTree = "<group>"; };
		A4ACAFAF1B2D513F0037E00C /* FileOperation.h */ = {isa = PBXFileReference; fileEncoding = 4; lastKnownFileType = sourcecode.c.h; path = FileOperation.h; sourceTree = "<group>"; };
		A4ACAFB01B2D513F0037E00C /* FileOperation.m */ = {isa = PBXFileReference; fileEncoding = 4; lastKnownFileType = sourcecode.c.objc; path = FileOperation.m; sourceTree = "<group>"; };
		A4ACAFB11B2D513F0037E00C /* InterfaceDefine.h */ = {isa = PBXFileReference; fileEncoding = 4; lastKnownFileType = sourcecode.c.h; path = InterfaceDefine.h; sourceTree = "<group>"; };
		A4ACAFB21B2D513F0037E00C /* SQLHelp.h */ = {isa = PBXFileReference; fileEncoding = 4; lastKnownFileType = sourcecode.c.h; path = SQLHelp.h; sourceTree = "<group>"; };
		A4ACAFB31B2D513F0037E00C /* WSRequestManager.h */ = {isa = PBXFileReference; fileEncoding = 4; lastKnownFileType = sourcecode.c.h; path = WSRequestManager.h; sourceTree = "<group>"; };
		A4ACAFB41B2D513F0037E00C /* WSRequestManager.m */ = {isa = PBXFileReference; fileEncoding = 4; lastKnownFileType = sourcecode.c.objc; path = WSRequestManager.m; sourceTree = "<group>"; };
		A4ACAFB51B2D513F0037E00C /* WSURLRequest.h */ = {isa = PBXFileReference; fileEncoding = 4; lastKnownFileType = sourcecode.c.h; path = WSURLRequest.h; sourceTree = "<group>"; };
		A4ACAFB61B2D513F0037E00C /* WSURLRequest.m */ = {isa = PBXFileReference; fileEncoding = 4; lastKnownFileType = sourcecode.c.objc; path = WSURLRequest.m; sourceTree = "<group>"; };
		A4ACAFC01B2D51510037E00C /* GDataXMLNode.h */ = {isa = PBXFileReference; fileEncoding = 4; lastKnownFileType = sourcecode.c.h; path = GDataXMLNode.h; sourceTree = "<group>"; };
		A4ACAFC11B2D51510037E00C /* GDataXMLNode.m */ = {isa = PBXFileReference; fileEncoding = 4; lastKnownFileType = sourcecode.c.objc; path = GDataXMLNode.m; sourceTree = "<group>"; };
		A4ACAFC31B2D51510037E00C /* MBProgressHUD.h */ = {isa = PBXFileReference; fileEncoding = 4; lastKnownFileType = sourcecode.c.h; path = MBProgressHUD.h; sourceTree = "<group>"; };
		A4ACAFC41B2D51510037E00C /* MBProgressHUD.m */ = {isa = PBXFileReference; fileEncoding = 4; lastKnownFileType = sourcecode.c.objc; path = MBProgressHUD.m; sourceTree = "<group>"; };
		A4ACAFC61B2D51510037E00C /* SVProgressHUD.bundle */ = {isa = PBXFileReference; lastKnownFileType = "wrapper.plug-in"; path = SVProgressHUD.bundle; sourceTree = "<group>"; };
		A4ACAFC71B2D51510037E00C /* SVProgressHUD.h */ = {isa = PBXFileReference; fileEncoding = 4; lastKnownFileType = sourcecode.c.h; path = SVProgressHUD.h; sourceTree = "<group>"; };
		A4ACAFC81B2D51510037E00C /* SVProgressHUD.m */ = {isa = PBXFileReference; fileEncoding = 4; lastKnownFileType = sourcecode.c.objc; path = SVProgressHUD.m; sourceTree = "<group>"; };
		A4ACAFCD1B2D51A00037E00C /* libz.dylib */ = {isa = PBXFileReference; lastKnownFileType = "compiled.mach-o.dylib"; name = libz.dylib; path = usr/lib/libz.dylib; sourceTree = SDKROOT; };
		A4ACAFCF1B2D51A50037E00C /* libxml2.dylib */ = {isa = PBXFileReference; lastKnownFileType = "compiled.mach-o.dylib"; name = libxml2.dylib; path = usr/lib/libxml2.dylib; sourceTree = SDKROOT; };
		A4ACAFD31B2D65CB0037E00C /* MMDrawerController.h */ = {isa = PBXFileReference; fileEncoding = 4; lastKnownFileType = sourcecode.c.h; path = MMDrawerController.h; sourceTree = "<group>"; };
		A4ACAFD41B2D65CB0037E00C /* MMDrawerController.m */ = {isa = PBXFileReference; fileEncoding = 4; lastKnownFileType = sourcecode.c.objc; path = MMDrawerController.m; sourceTree = "<group>"; };
		A4ACAFD81B2D67700037E00C /* BaseVC.h */ = {isa = PBXFileReference; fileEncoding = 4; lastKnownFileType = sourcecode.c.h; path = BaseVC.h; sourceTree = "<group>"; };
		A4ACAFD91B2D67700037E00C /* BaseVC.m */ = {isa = PBXFileReference; fileEncoding = 4; lastKnownFileType = sourcecode.c.objc; path = BaseVC.m; sourceTree = "<group>"; };
		A4ACAFDC1B2D68490037E00C /* HomePageVC.h */ = {isa = PBXFileReference; fileEncoding = 4; lastKnownFileType = sourcecode.c.h; path = HomePageVC.h; sourceTree = "<group>"; };
		A4ACAFDD1B2D68490037E00C /* HomePageVC.m */ = {isa = PBXFileReference; fileEncoding = 4; lastKnownFileType = sourcecode.c.objc; path = HomePageVC.m; sourceTree = "<group>"; };
		A4ACAFDF1B2D69E80037E00C /* XHNavigationView.h */ = {isa = PBXFileReference; fileEncoding = 4; lastKnownFileType = sourcecode.c.h; path = XHNavigationView.h; sourceTree = "<group>"; };
		A4ACAFE01B2D69E80037E00C /* XHNavigationView.m */ = {isa = PBXFileReference; fileEncoding = 4; lastKnownFileType = sourcecode.c.objc; path = XHNavigationView.m; sourceTree = "<group>"; };
		A4ACAFE51B2D6DE80037E00C /* head.png */ = {isa = PBXFileReference; lastKnownFileType = image.png; path = head.png; sourceTree = "<group>"; };
		A4ACAFE71B2D74FD0037E00C /* UIViewController+MMDrawerController.h */ = {isa = PBXFileReference; fileEncoding = 4; lastKnownFileType = sourcecode.c.h; path = "UIViewController+MMDrawerController.h"; sourceTree = "<group>"; };
		A4ACAFE81B2D74FD0037E00C /* UIViewController+MMDrawerController.m */ = {isa = PBXFileReference; fileEncoding = 4; lastKnownFileType = sourcecode.c.objc; path = "UIViewController+MMDrawerController.m"; sourceTree = "<group>"; };
		A4ACAFEA1B2D7C5A0037E00C /* searchbg.jpg */ = {isa = PBXFileReference; lastKnownFileType = image.jpeg; path = searchbg.jpg; sourceTree = "<group>"; };
		A4ACAFEC1B2D7CA60037E00C /* self.png */ = {isa = PBXFileReference; lastKnownFileType = image.png; path = self.png; sourceTree = "<group>"; };
		A4ACAFF61B2D8B1A0037E00C /* UIColor+Category.h */ = {isa = PBXFileReference; fileEncoding = 4; lastKnownFileType = sourcecode.c.h; path = "UIColor+Category.h"; sourceTree = "<group>"; };
		A4ACAFF71B2D8B1A0037E00C /* UIColor+Category.m */ = {isa = PBXFileReference; fileEncoding = 4; lastKnownFileType = sourcecode.c.objc; path = "UIColor+Category.m"; sourceTree = "<group>"; };
		A4ACAFFC1B2D8C530037E00C /* ButtonItem.h */ = {isa = PBXFileReference; fileEncoding = 4; lastKnownFileType = sourcecode.c.h; path = ButtonItem.h; sourceTree = "<group>"; };
		A4ACAFFD1B2D8C530037E00C /* ButtonItem.m */ = {isa = PBXFileReference; fileEncoding = 4; lastKnownFileType = sourcecode.c.objc; path = ButtonItem.m; sourceTree = "<group>"; };
		A4ACB0051B2DA9210037E00C /* LeftMenuVC.h */ = {isa = PBXFileReference; fileEncoding = 4; lastKnownFileType = sourcecode.c.h; path = LeftMenuVC.h; sourceTree = "<group>"; };
		A4ACB0061B2DA9210037E00C /* LeftMenuVC.m */ = {isa = PBXFileReference; fileEncoding = 4; lastKnownFileType = sourcecode.c.objc; path = LeftMenuVC.m; sourceTree = "<group>"; };
		A4ACB0091B2DBED70037E00C /* MenuCell.h */ = {isa = PBXFileReference; fileEncoding = 4; lastKnownFileType = sourcecode.c.h; path = MenuCell.h; sourceTree = "<group>"; };
		A4ACB00A1B2DBED70037E00C /* MenuCell.m */ = {isa = PBXFileReference; fileEncoding = 4; lastKnownFileType = sourcecode.c.objc; path = MenuCell.m; sourceTree = "<group>"; };
		A4ACB0101B2EA3D30037E00C /* LoginVC.h */ = {isa = PBXFileReference; fileEncoding = 4; lastKnownFileType = sourcecode.c.h; path = LoginVC.h; sourceTree = "<group>"; };
		A4ACB0111B2EA3D30037E00C /* LoginVC.m */ = {isa = PBXFileReference; fileEncoding = 4; lastKnownFileType = sourcecode.c.objc; path = LoginVC.m; sourceTree = "<group>"; };
		A4ACB0141B2EA4670037E00C /* back.png */ = {isa = PBXFileReference; lastKnownFileType = image.png; path = back.png; sourceTree = "<group>"; };
		A4F664CE1B300523006B2BC0 /* LifeWayInfoCell.h */ = {isa = PBXFileReference; fileEncoding = 4; lastKnownFileType = sourcecode.c.h; path = LifeWayInfoCell.h; sourceTree = "<group>"; };
		A4F664CF1B300523006B2BC0 /* LifeWayInfoCell.m */ = {isa = PBXFileReference; fileEncoding = 4; lastKnownFileType = sourcecode.c.objc; path = LifeWayInfoCell.m; sourceTree = "<group>"; };
		A4F664D01B300523006B2BC0 /* LifeWayInfoCell.xib */ = {isa = PBXFileReference; fileEncoding = 4; lastKnownFileType = file.xib; path = LifeWayInfoCell.xib; sourceTree = "<group>"; };
		A4F665181B31CE81006B2BC0 /* XHHealthRequest.h */ = {isa = PBXFileReference; fileEncoding = 4; lastKnownFileType = sourcecode.c.h; path = XHHealthRequest.h; sourceTree = "<group>"; };
		A4F665191B31CE81006B2BC0 /* XHHealthRequest.m */ = {isa = PBXFileReference; fileEncoding = 4; lastKnownFileType = sourcecode.c.objc; path = XHHealthRequest.m; sourceTree = "<group>"; };
		A4F751AD1B37DD1800CEE7BE /* BodyCheckVC.h */ = {isa = PBXFileReference; fileEncoding = 4; lastKnownFileType = sourcecode.c.h; path = BodyCheckVC.h; sourceTree = "<group>"; };
		A4F751AE1B37DD1800CEE7BE /* BodyCheckVC.m */ = {isa = PBXFileReference; fileEncoding = 4; lastKnownFileType = sourcecode.c.objc; path = BodyCheckVC.m; sourceTree = "<group>"; };
		A4F751B11B37F11200CEE7BE /* PersonInfoModel.h */ = {isa = PBXFileReference; fileEncoding = 4; lastKnownFileType = sourcecode.c.h; path = PersonInfoModel.h; sourceTree = "<group>"; };
		A4F751B21B37F11200CEE7BE /* PersonInfoModel.m */ = {isa = PBXFileReference; fileEncoding = 4; lastKnownFileType = sourcecode.c.objc; path = PersonInfoModel.m; sourceTree = "<group>"; };
		A4F751B51B37F46D00CEE7BE /* BodyCheckModel.h */ = {isa = PBXFileReference; fileEncoding = 4; lastKnownFileType = sourcecode.c.h; path = BodyCheckModel.h; sourceTree = "<group>"; };
		A4F751B61B37F46D00CEE7BE /* BodyCheckModel.m */ = {isa = PBXFileReference; fileEncoding = 4; lastKnownFileType = sourcecode.c.objc; path = BodyCheckModel.m; sourceTree = "<group>"; };
		A4F751B91B37FA2200CEE7BE /* DiseaseStatusModel.h */ = {isa = PBXFileReference; fileEncoding = 4; lastKnownFileType = sourcecode.c.h; path = DiseaseStatusModel.h; sourceTree = "<group>"; };
		A4F751BA1B37FA2200CEE7BE /* DiseaseStatusModel.m */ = {isa = PBXFileReference; fileEncoding = 4; lastKnownFileType = sourcecode.c.objc; path = DiseaseStatusModel.m; sourceTree = "<group>"; };
		A4F751BD1B37FD9800CEE7BE /* LifeStyleModel.h */ = {isa = PBXFileReference; fileEncoding = 4; lastKnownFileType = sourcecode.c.h; path = LifeStyleModel.h; sourceTree = "<group>"; };
		A4F751BE1B37FD9800CEE7BE /* LifeStyleModel.m */ = {isa = PBXFileReference; fileEncoding = 4; lastKnownFileType = sourcecode.c.objc; path = LifeStyleModel.m; sourceTree = "<group>"; };
		A4F751C11B37FF7200CEE7BE /* FitNessModel.h */ = {isa = PBXFileReference; fileEncoding = 4; lastKnownFileType = sourcecode.c.h; path = FitNessModel.h; sourceTree = "<group>"; };
		A4F751C21B37FF7200CEE7BE /* FitNessModel.m */ = {isa = PBXFileReference; fileEncoding = 4; lastKnownFileType = sourcecode.c.objc; path = FitNessModel.m; sourceTree = "<group>"; };
		A4F751C81B38198B00CEE7BE /* BodyCompositionVC.h */ = {isa = PBXFileReference; fileEncoding = 4; lastKnownFileType = sourcecode.c.h; path = BodyCompositionVC.h; sourceTree = "<group>"; };
		A4F751C91B38198B00CEE7BE /* BodyCompositionVC.m */ = {isa = PBXFileReference; fileEncoding = 4; lastKnownFileType = sourcecode.c.objc; path = BodyCompositionVC.m; sourceTree = "<group>"; };
		A4F751CC1B38272C00CEE7BE /* MKAnnotationView+WebCache.h */ = {isa = PBXFileReference; fileEncoding = 4; lastKnownFileType = sourcecode.c.h; path = "MKAnnotationView+WebCache.h"; sourceTree = "<group>"; };
		A4F751CD1B38272C00CEE7BE /* MKAnnotationView+WebCache.m */ = {isa = PBXFileReference; fileEncoding = 4; lastKnownFileType = sourcecode.c.objc; path = "MKAnnotationView+WebCache.m"; sourceTree = "<group>"; };
		A4F751CE1B38272C00CEE7BE /* NSData+ImageContentType.h */ = {isa = PBXFileReference; fileEncoding = 4; lastKnownFileType = sourcecode.c.h; path = "NSData+ImageContentType.h"; sourceTree = "<group>"; };
		A4F751CF1B38272C00CEE7BE /* NSData+ImageContentType.m */ = {isa = PBXFileReference; fileEncoding = 4; lastKnownFileType = sourcecode.c.objc; path = "NSData+ImageContentType.m"; sourceTree = "<group>"; };
		A4F751D01B38272C00CEE7BE /* SDImageCache.h */ = {isa = PBXFileReference; fileEncoding = 4; lastKnownFileType = sourcecode.c.h; path = SDImageCache.h; sourceTree = "<group>"; };
		A4F751D11B38272C00CEE7BE /* SDImageCache.m */ = {isa = PBXFileReference; fileEncoding = 4; lastKnownFileType = sourcecode.c.objc; path = SDImageCache.m; sourceTree = "<group>"; };
		A4F751D21B38272C00CEE7BE /* SDWebImageCompat.h */ = {isa = PBXFileReference; fileEncoding = 4; lastKnownFileType = sourcecode.c.h; path = SDWebImageCompat.h; sourceTree = "<group>"; };
		A4F751D31B38272C00CEE7BE /* SDWebImageCompat.m */ = {isa = PBXFileReference; fileEncoding = 4; lastKnownFileType = sourcecode.c.objc; path = SDWebImageCompat.m; sourceTree = "<group>"; };
		A4F751D41B38272C00CEE7BE /* SDWebImageDecoder.h */ = {isa = PBXFileReference; fileEncoding = 4; lastKnownFileType = sourcecode.c.h; path = SDWebImageDecoder.h; sourceTree = "<group>"; };
		A4F751D51B38272C00CEE7BE /* SDWebImageDecoder.m */ = {isa = PBXFileReference; fileEncoding = 4; lastKnownFileType = sourcecode.c.objc; path = SDWebImageDecoder.m; sourceTree = "<group>"; };
		A4F751D61B38272C00CEE7BE /* SDWebImageDownloader.h */ = {isa = PBXFileReference; fileEncoding = 4; lastKnownFileType = sourcecode.c.h; path = SDWebImageDownloader.h; sourceTree = "<group>"; };
		A4F751D71B38272C00CEE7BE /* SDWebImageDownloader.m */ = {isa = PBXFileReference; fileEncoding = 4; lastKnownFileType = sourcecode.c.objc; path = SDWebImageDownloader.m; sourceTree = "<group>"; };
		A4F751D81B38272C00CEE7BE /* SDWebImageDownloaderOperation.h */ = {isa = PBXFileReference; fileEncoding = 4; lastKnownFileType = sourcecode.c.h; path = SDWebImageDownloaderOperation.h; sourceTree = "<group>"; };
		A4F751D91B38272C00CEE7BE /* SDWebImageDownloaderOperation.m */ = {isa = PBXFileReference; fileEncoding = 4; lastKnownFileType = sourcecode.c.objc; path = SDWebImageDownloaderOperation.m; sourceTree = "<group>"; };
		A4F751DA1B38272C00CEE7BE /* SDWebImageManager.h */ = {isa = PBXFileReference; fileEncoding = 4; lastKnownFileType = sourcecode.c.h; path = SDWebImageManager.h; sourceTree = "<group>"; };
		A4F751DB1B38272C00CEE7BE /* SDWebImageManager.m */ = {isa = PBXFileReference; fileEncoding = 4; lastKnownFileType = sourcecode.c.objc; path = SDWebImageManager.m; sourceTree = "<group>"; };
		A4F751DC1B38272C00CEE7BE /* SDWebImageOperation.h */ = {isa = PBXFileReference; fileEncoding = 4; lastKnownFileType = sourcecode.c.h; path = SDWebImageOperation.h; sourceTree = "<group>"; };
		A4F751DD1B38272C00CEE7BE /* SDWebImagePrefetcher.h */ = {isa = PBXFileReference; fileEncoding = 4; lastKnownFileType = sourcecode.c.h; path = SDWebImagePrefetcher.h; sourceTree = "<group>"; };
		A4F751DE1B38272C00CEE7BE /* SDWebImagePrefetcher.m */ = {isa = PBXFileReference; fileEncoding = 4; lastKnownFileType = sourcecode.c.objc; path = SDWebImagePrefetcher.m; sourceTree = "<group>"; };
		A4F751DF1B38272C00CEE7BE /* UIButton+WebCache.h */ = {isa = PBXFileReference; fileEncoding = 4; lastKnownFileType = sourcecode.c.h; path = "UIButton+WebCache.h"; sourceTree = "<group>"; };
		A4F751E01B38272C00CEE7BE /* UIButton+WebCache.m */ = {isa = PBXFileReference; fileEncoding = 4; lastKnownFileType = sourcecode.c.objc; path = "UIButton+WebCache.m"; sourceTree = "<group>"; };
		A4F751E11B38272C00CEE7BE /* UIImage+GIF.h */ = {isa = PBXFileReference; fileEncoding = 4; lastKnownFileType = sourcecode.c.h; path = "UIImage+GIF.h"; sourceTree = "<group>"; };
		A4F751E21B38272C00CEE7BE /* UIImage+GIF.m */ = {isa = PBXFileReference; fileEncoding = 4; lastKnownFileType = sourcecode.c.objc; path = "UIImage+GIF.m"; sourceTree = "<group>"; };
		A4F751E31B38272C00CEE7BE /* UIImage+MultiFormat.h */ = {isa = PBXFileReference; fileEncoding = 4; lastKnownFileType = sourcecode.c.h; path = "UIImage+MultiFormat.h"; sourceTree = "<group>"; };
		A4F751E41B38272C00CEE7BE /* UIImage+MultiFormat.m */ = {isa = PBXFileReference; fileEncoding = 4; lastKnownFileType = sourcecode.c.objc; path = "UIImage+MultiFormat.m"; sourceTree = "<group>"; };
		A4F751E51B38272C00CEE7BE /* UIImage+WebP.h */ = {isa = PBXFileReference; fileEncoding = 4; lastKnownFileType = sourcecode.c.h; path = "UIImage+WebP.h"; sourceTree = "<group>"; };
		A4F751E61B38272C00CEE7BE /* UIImage+WebP.m */ = {isa = PBXFileReference; fileEncoding = 4; lastKnownFileType = sourcecode.c.objc; path = "UIImage+WebP.m"; sourceTree = "<group>"; };
		A4F751E71B38272C00CEE7BE /* UIImageView+HighlightedWebCache.h */ = {isa = PBXFileReference; fileEncoding = 4; lastKnownFileType = sourcecode.c.h; path = "UIImageView+HighlightedWebCache.h"; sourceTree = "<group>"; };
		A4F751E81B38272C00CEE7BE /* UIImageView+HighlightedWebCache.m */ = {isa = PBXFileReference; fileEncoding = 4; lastKnownFileType = sourcecode.c.objc; path = "UIImageView+HighlightedWebCache.m"; sourceTree = "<group>"; };
		A4F751E91B38272C00CEE7BE /* UIImageView+WebCache.h */ = {isa = PBXFileReference; fileEncoding = 4; lastKnownFileType = sourcecode.c.h; path = "UIImageView+WebCache.h"; sourceTree = "<group>"; };
		A4F751EA1B38272C00CEE7BE /* UIImageView+WebCache.m */ = {isa = PBXFileReference; fileEncoding = 4; lastKnownFileType = sourcecode.c.objc; path = "UIImageView+WebCache.m"; sourceTree = "<group>"; };
		A4F751EB1B38272C00CEE7BE /* UIView+WebCacheOperation.h */ = {isa = PBXFileReference; fileEncoding = 4; lastKnownFileType = sourcecode.c.h; path = "UIView+WebCacheOperation.h"; sourceTree = "<group>"; };
		A4F751EC1B38272C00CEE7BE /* UIView+WebCacheOperation.m */ = {isa = PBXFileReference; fileEncoding = 4; lastKnownFileType = sourcecode.c.objc; path = "UIView+WebCacheOperation.m"; sourceTree = "<group>"; };
		A4F751FE1B384BE700CEE7BE /* BloodPressureModel.h */ = {isa = PBXFileReference; fileEncoding = 4; lastKnownFileType = sourcecode.c.h; path = BloodPressureModel.h; sourceTree = "<group>"; };
		A4F751FF1B384BE700CEE7BE /* BloodPressureModel.m */ = {isa = PBXFileReference; fileEncoding = 4; lastKnownFileType = sourcecode.c.objc; path = BloodPressureModel.m; sourceTree = "<group>"; };
		A4F752021B384CE700CEE7BE /* EcgModel.h */ = {isa = PBXFileReference; fileEncoding = 4; lastKnownFileType = sourcecode.c.h; path = EcgModel.h; sourceTree = "<group>"; };
		A4F752031B384CE700CEE7BE /* EcgModel.m */ = {isa = PBXFileReference; fileEncoding = 4; lastKnownFileType = sourcecode.c.objc; path = EcgModel.m; sourceTree = "<group>"; };
		A4F752061B38508700CEE7BE /* BloodPressCell.h */ = {isa = PBXFileReference; fileEncoding = 4; lastKnownFileType = sourcecode.c.h; path = BloodPressCell.h; sourceTree = "<group>"; };
		A4F752071B38508700CEE7BE /* BloodPressCell.m */ = {isa = PBXFileReference; fileEncoding = 4; lastKnownFileType = sourcecode.c.objc; path = BloodPressCell.m; sourceTree = "<group>"; };
		A4F752081B38508700CEE7BE /* BloodPressCell.xib */ = {isa = PBXFileReference; fileEncoding = 4; lastKnownFileType = file.xib; path = BloodPressCell.xib; sourceTree = "<group>"; };
		A4F7520C1B38596300CEE7BE /* PressAndEcg.h */ = {isa = PBXFileReference; fileEncoding = 4; lastKnownFileType = sourcecode.c.h; path = PressAndEcg.h; sourceTree = "<group>"; };
		A4F7520D1B38596300CEE7BE /* PressAndEcg.m */ = {isa = PBXFileReference; fileEncoding = 4; lastKnownFileType = sourcecode.c.objc; path = PressAndEcg.m; sourceTree = "<group>"; };
		A4F752101B39BC0E00CEE7BE /* EcgBottomCell.h */ = {isa = PBXFileReference; fileEncoding = 4; lastKnownFileType = sourcecode.c.h; path = EcgBottomCell.h; sourceTree = "<group>"; };
		A4F752111B39BC0E00CEE7BE /* EcgBottomCell.m */ = {isa = PBXFileReference; fileEncoding = 4; lastKnownFileType = sourcecode.c.objc; path = EcgBottomCell.m; sourceTree = "<group>"; };
		A4F752121B39BC0E00CEE7BE /* EcgBottomCell.xib */ = {isa = PBXFileReference; fileEncoding = 4; lastKnownFileType = file.xib; path = EcgBottomCell.xib; sourceTree = "<group>"; };
		A4F752161B3AE10100CEE7BE /* BiochemistryAndImmunityModel.h */ = {isa = PBXFileReference; fileEncoding = 4; lastKnownFileType = sourcecode.c.h; path = BiochemistryAndImmunityModel.h; sourceTree = "<group>"; };
		A4F752171B3AE10100CEE7BE /* BiochemistryAndImmunityModel.m */ = {isa = PBXFileReference; fileEncoding = 4; lastKnownFileType = sourcecode.c.objc; path = BiochemistryAndImmunityModel.m; sourceTree = "<group>"; };
		A4F7521A1B3AE46A00CEE7BE /* BiochemistryAndImmunityVC.h */ = {isa = PBXFileReference; fileEncoding = 4; lastKnownFileType = sourcecode.c.h; path = BiochemistryAndImmunityVC.h; sourceTree = "<group>"; };
		A4F7521B1B3AE46A00CEE7BE /* BiochemistryAndImmunityVC.m */ = {isa = PBXFileReference; fileEncoding = 4; lastKnownFileType = sourcecode.c.objc; path = BiochemistryAndImmunityVC.m; sourceTree = "<group>"; };
		A4F7521E1B3AEE0C00CEE7BE /* EyeGeneralExamModel.h */ = {isa = PBXFileReference; fileEncoding = 4; lastKnownFileType = sourcecode.c.h; path = EyeGeneralExamModel.h; sourceTree = "<group>"; };
		A4F7521F1B3AEE0C00CEE7BE /* EyeGeneralExamModel.m */ = {isa = PBXFileReference; fileEncoding = 4; lastKnownFileType = sourcecode.c.objc; path = EyeGeneralExamModel.m; sourceTree = "<group>"; };
		A4F752221B3AEFED00CEE7BE /* EyeOphthalmologyExamModel.h */ = {isa = PBXFileReference; fileEncoding = 4; lastKnownFileType = sourcecode.c.h; path = EyeOphthalmologyExamModel.h; sourceTree = "<group>"; };
		A4F752231B3AEFED00CEE7BE /* EyeOphthalmologyExamModel.m */ = {isa = PBXFileReference; fileEncoding = 4; lastKnownFileType = sourcecode.c.objc; path = EyeOphthalmologyExamModel.m; sourceTree = "<group>"; };
		A4F752261B3AF1F300CEE7BE /* EyeFundusExamModel.h */ = {isa = PBXFileReference; fileEncoding = 4; lastKnownFileType = sourcecode.c.h; path = EyeFundusExamModel.h; sourceTree = "<group>"; };
		A4F752271B3AF1F300CEE7BE /* EyeFundusExamModel.m */ = {isa = PBXFileReference; fileEncoding = 4; lastKnownFileType = sourcecode.c.objc; path = EyeFundusExamModel.m; sourceTree = "<group>"; };
		A4F7522A1B3AF37F00CEE7BE /* EyeGenerCheckCell.h */ = {isa = PBXFileReference; fileEncoding = 4; lastKnownFileType = sourcecode.c.h; path = EyeGenerCheckCell.h; sourceTree = "<group>"; };
		A4F7522B1B3AF37F00CEE7BE /* EyeGenerCheckCell.m */ = {isa = PBXFileReference; fileEncoding = 4; lastKnownFileType = sourcecode.c.objc; path = EyeGenerCheckCell.m; sourceTree = "<group>"; };
		A4F7522C1B3AF37F00CEE7BE /* EyeGenerCheckCell.xib */ = {isa = PBXFileReference; fileEncoding = 4; lastKnownFileType = file.xib; path = EyeGenerCheckCell.xib; sourceTree = "<group>"; };
		A4F752301B3AF47800CEE7BE /* EyeFundusExam.h */ = {isa = PBXFileReference; fileEncoding = 4; lastKnownFileType = sourcecode.c.h; path = EyeFundusExam.h; sourceTree = "<group>"; };
		A4F752311B3AF47800CEE7BE /* EyeFundusExam.m */ = {isa = PBXFileReference; fileEncoding = 4; lastKnownFileType = sourcecode.c.objc; path = EyeFundusExam.m; sourceTree = "<group>"; };
		A4F752321B3AF47800CEE7BE /* EyeFundusExam.xib */ = {isa = PBXFileReference; fileEncoding = 4; lastKnownFileType = file.xib; path = EyeFundusExam.xib; sourceTree = "<group>"; };
		A4F752361B3B05CD00CEE7BE /* EyeFundusExamVC.h */ = {isa = PBXFileReference; fileEncoding = 4; lastKnownFileType = sourcecode.c.h; path = EyeFundusExamVC.h; sourceTree = "<group>"; };
		A4F752371B3B05CD00CEE7BE /* EyeFundusExamVC.m */ = {isa = PBXFileReference; fileEncoding = 4; lastKnownFileType = sourcecode.c.objc; path = EyeFundusExamVC.m; sourceTree = "<group>"; };
		A4F7523A1B3C537200CEE7BE /* 1_no.png */ = {isa = PBXFileReference; lastKnownFileType = image.png; path = 1_no.png; sourceTree = "<group>"; };
		A4F7523B1B3C537200CEE7BE /* 1.png */ = {isa = PBXFileReference; lastKnownFileType = image.png; path = 1.png; sourceTree = "<group>"; };
		A4F7523C1B3C537200CEE7BE /* 2_no.png */ = {isa = PBXFileReference; lastKnownFileType = image.png; path = 2_no.png; sourceTree = "<group>"; };
		A4F7523D1B3C537200CEE7BE /* 2.png */ = {isa = PBXFileReference; lastKnownFileType = image.png; path = 2.png; sourceTree = "<group>"; };
		A4F7523E1B3C537300CEE7BE /* 3_no.png */ = {isa = PBXFileReference; lastKnownFileType = image.png; path = 3_no.png; sourceTree = "<group>"; };
		A4F7523F1B3C537300CEE7BE /* 3.png */ = {isa = PBXFileReference; lastKnownFileType = image.png; path = 3.png; sourceTree = "<group>"; };
		A4F752401B3C537300CEE7BE /* 4_no.png */ = {isa = PBXFileReference; lastKnownFileType = image.png; path = 4_no.png; sourceTree = "<group>"; };
		A4F752411B3C537300CEE7BE /* 4.png */ = {isa = PBXFileReference; lastKnownFileType = image.png; path = 4.png; sourceTree = "<group>"; };
		A4F752421B3C537300CEE7BE /* 5_no.png */ = {isa = PBXFileReference; lastKnownFileType = image.png; path = 5_no.png; sourceTree = "<group>"; };
		A4F752431B3C537300CEE7BE /* 5.png */ = {isa = PBXFileReference; lastKnownFileType = image.png; path = 5.png; sourceTree = "<group>"; };
		A4F752441B3C537300CEE7BE /* 6_no.png */ = {isa = PBXFileReference; lastKnownFileType = image.png; path = 6_no.png; sourceTree = "<group>"; };
		A4F752451B3C537300CEE7BE /* 6.png */ = {isa = PBXFileReference; lastKnownFileType = image.png; path = 6.png; sourceTree = "<group>"; };
		A4F752461B3C537300CEE7BE /* 7_no.png */ = {isa = PBXFileReference; lastKnownFileType = image.png; path = 7_no.png; sourceTree = "<group>"; };
		A4F752471B3C537300CEE7BE /* 7.png */ = {isa = PBXFileReference; lastKnownFileType = image.png; path = 7.png; sourceTree = "<group>"; };
		A4F752481B3C537300CEE7BE /* 8_no.png */ = {isa = PBXFileReference; lastKnownFileType = image.png; path = 8_no.png; sourceTree = "<group>"; };
		A4F752491B3C537300CEE7BE /* 8.png */ = {isa = PBXFileReference; lastKnownFileType = image.png; path = 8.png; sourceTree = "<group>"; };
		A4F7524A1B3C537300CEE7BE /* 9_no.png */ = {isa = PBXFileReference; lastKnownFileType = image.png; path = 9_no.png; sourceTree = "<group>"; };
		A4F7524B1B3C537300CEE7BE /* 9.png */ = {isa = PBXFileReference; lastKnownFileType = image.png; path = 9.png; sourceTree = "<group>"; };
		A4F7525F1B3C53BD00CEE7BE /* ButtonCollectionCell.h */ = {isa = PBXFileReference; fileEncoding = 4; lastKnownFileType = sourcecode.c.h; path = ButtonCollectionCell.h; sourceTree = "<group>"; };
		A4F752601B3C53BD00CEE7BE /* ButtonCollectionCell.m */ = {isa = PBXFileReference; fileEncoding = 4; lastKnownFileType = sourcecode.c.objc; path = ButtonCollectionCell.m; sourceTree = "<group>"; };
		A4F752611B3C53BD00CEE7BE /* ButtonCollectionCell.xib */ = {isa = PBXFileReference; fileEncoding = 4; lastKnownFileType = file.xib; path = ButtonCollectionCell.xib; sourceTree = "<group>"; };
		A4F752761B3D8AC300CEE7BE /* top.png */ = {isa = PBXFileReference; lastKnownFileType = image.png; path = top.png; sourceTree = "<group>"; };
		A4F752771B3D8AC300CEE7BE /* bottom.png */ = {isa = PBXFileReference; lastKnownFileType = image.png; path = bottom.png; sourceTree = "<group>"; };
		A4F752781B3D8AC300CEE7BE /* line.gif */ = {isa = PBXFileReference; lastKnownFileType = image.gif; path = line.gif; sourceTree = "<group>"; };
		A4F752791B3D8AC300CEE7BE /* wenjuan.png */ = {isa = PBXFileReference; lastKnownFileType = image.png; path = wenjuan.png; sourceTree = "<group>"; };
		A4F7527A1B3D8AC300CEE7BE /* tizhi.png */ = {isa = PBXFileReference; lastKnownFileType = image.png; path = tizhi.png; sourceTree = "<group>"; };
		A4F7527B1B3D8AC300CEE7BE /* shenti.png */ = {isa = PBXFileReference; lastKnownFileType = image.png; path = shenti.png; sourceTree = "<group>"; };
		A4F7527C1B3D8AC300CEE7BE /* pressecg.png */ = {isa = PBXFileReference; lastKnownFileType = image.png; path = pressecg.png; sourceTree = "<group>"; };
		A4F7527D1B3D8AC300CEE7BE /* headfunction.png */ = {isa = PBXFileReference; lastKnownFileType = image.png; path = headfunction.png; sourceTree = "<group>"; };
		A4F7527E1B3D8AC300CEE7BE /* bond.png */ = {isa = PBXFileReference; lastKnownFileType = image.png; path = bond.png; sourceTree = "<group>"; };
		A4F7527F1B3D8AC300CEE7BE /* eye.png */ = {isa = PBXFileReference; lastKnownFileType = image.png; path = eye.png; sourceTree = "<group>"; };
		A4F752801B3D8AC300CEE7BE /* blood.png */ = {isa = PBXFileReference; lastKnownFileType = image.png; path = blood.png; sourceTree = "<group>"; };
		A4F752811B3D8AC300CEE7BE /* shenghua.png */ = {isa = PBXFileReference; lastKnownFileType = image.png; path = shenghua.png; sourceTree = "<group>"; };
		A4F752821B3D8AC300CEE7BE /* 项目详情.png */ = {isa = PBXFileReference; lastKnownFileType = image.png; path = "项目详情.png"; sourceTree = "<group>"; };
		A4F752831B3D8AC300CEE7BE /* point.png */ = {isa = PBXFileReference; lastKnownFileType = image.png; path = point.png; sourceTree = "<group>"; };
		A4F752F71B3FCF0500CEE7BE /* PersonLoginInfoVC.h */ = {isa = PBXFileReference; fileEncoding = 4; lastKnownFileType = sourcecode.c.h; path = PersonLoginInfoVC.h; sourceTree = "<group>"; };
		A4F752F81B3FCF0500CEE7BE /* PersonLoginInfoVC.m */ = {isa = PBXFileReference; fileEncoding = 4; lastKnownFileType = sourcecode.c.objc; path = PersonLoginInfoVC.m; sourceTree = "<group>"; };
		EF2880511B3A51D200E073A7 /* GardiacAndPulmonary.h */ = {isa = PBXFileReference; fileEncoding = 4; lastKnownFileType = sourcecode.c.h; path = GardiacAndPulmonary.h; sourceTree = "<group>"; };
		EF2880521B3A51D200E073A7 /* GardiacAndPulmonary.m */ = {isa = PBXFileReference; fileEncoding = 4; lastKnownFileType = sourcecode.c.objc; path = GardiacAndPulmonary.m; sourceTree = "<group>"; };
		EF28805A1B3A714200E073A7 /* PulmonaryInfoCell.h */ = {isa = PBXFileReference; fileEncoding = 4; lastKnownFileType = sourcecode.c.h; path = PulmonaryInfoCell.h; sourceTree = "<group>"; };
		EF28805B1B3A714200E073A7 /* PulmonaryInfoCell.m */ = {isa = PBXFileReference; fileEncoding = 4; lastKnownFileType = sourcecode.c.objc; path = PulmonaryInfoCell.m; sourceTree = "<group>"; };
		EF28805C1B3A714200E073A7 /* PulmonaryInfoCell.xib */ = {isa = PBXFileReference; fileEncoding = 4; lastKnownFileType = file.xib; path = PulmonaryInfoCell.xib; sourceTree = "<group>"; };
		EF2880601B3A8D5C00E073A7 /* GardiacModel.h */ = {isa = PBXFileReference; fileEncoding = 4; lastKnownFileType = sourcecode.c.h; path = GardiacModel.h; sourceTree = "<group>"; };
		EF2880611B3A8D5C00E073A7 /* GardiacModel.m */ = {isa = PBXFileReference; fileEncoding = 4; lastKnownFileType = sourcecode.c.objc; path = GardiacModel.m; sourceTree = "<group>"; };
		EF2880631B3A8D6F00E073A7 /* pulmonaryModel.h */ = {isa = PBXFileReference; fileEncoding = 4; lastKnownFileType = sourcecode.c.h; path = pulmonaryModel.h; sourceTree = "<group>"; };
		EF2880641B3A8D6F00E073A7 /* pulmonaryModel.m */ = {isa = PBXFileReference; fileEncoding = 4; lastKnownFileType = sourcecode.c.objc; path = pulmonaryModel.m; sourceTree = "<group>"; };
		EF2880671B3AA27300E073A7 /* BMDModel.h */ = {isa = PBXFileReference; fileEncoding = 4; lastKnownFileType = sourcecode.c.h; path = BMDModel.h; sourceTree = "<group>"; };
		EF2880681B3AA27300E073A7 /* BMDModel.m */ = {isa = PBXFileReference; fileEncoding = 4; lastKnownFileType = sourcecode.c.objc; path = BMDModel.m; sourceTree = "<group>"; };
		EF28806B1B3AA34400E073A7 /* BMDViewController.h */ = {isa = PBXFileReference; fileEncoding = 4; lastKnownFileType = sourcecode.c.h; path = BMDViewController.h; sourceTree = "<group>"; };
		EF28806C1B3AA34400E073A7 /* BMDViewController.m */ = {isa = PBXFileReference; fileEncoding = 4; lastKnownFileType = sourcecode.c.objc; path = BMDViewController.m; sourceTree = "<group>"; };
		EF28806F1B3ABC1000E073A7 /* RoutineBloodAndBloodModel.h */ = {isa = PBXFileReference; fileEncoding = 4; lastKnownFileType = sourcecode.c.h; path = RoutineBloodAndBloodModel.h; sourceTree = "<group>"; };
		EF2880701B3ABC1000E073A7 /* RoutineBloodAndBloodModel.m */ = {isa = PBXFileReference; fileEncoding = 4; lastKnownFileType = sourcecode.c.objc; path = RoutineBloodAndBloodModel.m; sourceTree = "<group>"; };
		EF2880731B3ABEFF00E073A7 /* RoutineBloodAndBloodViewController.h */ = {isa = PBXFileReference; fileEncoding = 4; lastKnownFileType = sourcecode.c.h; path = RoutineBloodAndBloodViewController.h; sourceTree = "<group>"; };
		EF2880741B3ABEFF00E073A7 /* RoutineBloodAndBloodViewController.m */ = {isa = PBXFileReference; fileEncoding = 4; lastKnownFileType = sourcecode.c.objc; path = RoutineBloodAndBloodViewController.m; sourceTree = "<group>"; };
		EF583E1D1B37A9A800450E7A /* SecondCell.h */ = {isa = PBXFileReference; fileEncoding = 4; lastKnownFileType = sourcecode.c.h; path = SecondCell.h; sourceTree = "<group>"; };
		EF583E1E1B37A9A800450E7A /* SecondCell.m */ = {isa = PBXFileReference; fileEncoding = 4; lastKnownFileType = sourcecode.c.objc; path = SecondCell.m; sourceTree = "<group>"; };
		EF583E1F1B37A9A800450E7A /* SecondCell.xib */ = {isa = PBXFileReference; fileEncoding = 4; lastKnownFileType = file.xib; path = SecondCell.xib; sourceTree = "<group>"; };
		EF583E231B37A9C600450E7A /* FirstCell.h */ = {isa = PBXFileReference; fileEncoding = 4; lastKnownFileType = sourcecode.c.h; path = FirstCell.h; sourceTree = "<group>"; };
		EF583E241B37A9C600450E7A /* FirstCell.m */ = {isa = PBXFileReference; fileEncoding = 4; lastKnownFileType = sourcecode.c.objc; path = FirstCell.m; sourceTree = "<group>"; };
		EF583E251B37A9C600450E7A /* FirstCell.xib */ = {isa = PBXFileReference; fileEncoding = 4; lastKnownFileType = file.xib; path = FirstCell.xib; sourceTree = "<group>"; };
		EF583E281B37AE2700450E7A /* SurveyInfoVC.h */ = {isa = PBXFileReference; fileEncoding = 4; lastKnownFileType = sourcecode.c.h; path = SurveyInfoVC.h; sourceTree = "<group>"; };
		EF583E291B37AE2700450E7A /* SurveyInfoVC.m */ = {isa = PBXFileReference; fileEncoding = 4; lastKnownFileType = sourcecode.c.objc; path = SurveyInfoVC.m; sourceTree = "<group>"; };
		EF7B96A21B36B802009CF4DF /* ThirdInfoCell.h */ = {isa = PBXFileReference; fileEncoding = 4; lastKnownFileType = sourcecode.c.h; path = ThirdInfoCell.h; sourceTree = "<group>"; };
		EF7B96A31B36B802009CF4DF /* ThirdInfoCell.m */ = {isa = PBXFileReference; fileEncoding = 4; lastKnownFileType = sourcecode.c.objc; path = ThirdInfoCell.m; sourceTree = "<group>"; };
		EF7B96A41B36B802009CF4DF /* ThirdInfoCell.xib */ = {isa = PBXFileReference; fileEncoding = 4; lastKnownFileType = file.xib; path = ThirdInfoCell.xib; sourceTree = "<group>"; };
		EF7B96A81B36B836009CF4DF /* FourthInfoCell.h */ = {isa = PBXFileReference; fileEncoding = 4; lastKnownFileType = sourcecode.c.h; path = FourthInfoCell.h; sourceTree = "<group>"; };
		EF7B96A91B36B836009CF4DF /* FourthInfoCell.m */ = {isa = PBXFileReference; fileEncoding = 4; lastKnownFileType = sourcecode.c.objc; path = FourthInfoCell.m; sourceTree = "<group>"; };
		EF7B96AA1B36B836009CF4DF /* FourthInfoCell.xib */ = {isa = PBXFileReference; fileEncoding = 4; lastKnownFileType = file.xib; path = FourthInfoCell.xib; sourceTree = "<group>"; };
/* End PBXFileReference section */

/* Begin PBXFrameworksBuildPhase section */
		A4ACAF7F1B2D50670037E00C /* Frameworks */ = {
			isa = PBXFrameworksBuildPhase;
			buildActionMask = 2147483647;
			files = (
				A4ACAFD01B2D51A50037E00C /* libxml2.dylib in Frameworks */,
				A4ACAFCE1B2D51A00037E00C /* libz.dylib in Frameworks */,
			);
			runOnlyForDeploymentPostprocessing = 0;
		};
		A4ACAF981B2D50670037E00C /* Frameworks */ = {
			isa = PBXFrameworksBuildPhase;
			buildActionMask = 2147483647;
			files = (
			);
			runOnlyForDeploymentPostprocessing = 0;
		};
/* End PBXFrameworksBuildPhase section */

/* Begin PBXGroup section */
		A460689B1B2F21F400DBF04E /* PersonInfo */ = {
			isa = PBXGroup;
			children = (
				A460689C1B2F220E00DBF04E /* PersonInfoVC.h */,
				A460689D1B2F220E00DBF04E /* PersonInfoVC.m */,
				EF583E281B37AE2700450E7A /* SurveyInfoVC.h */,
				EF583E291B37AE2700450E7A /* SurveyInfoVC.m */,
			);
			name = PersonInfo;
			sourceTree = "<group>";
		};
		A460689F1B2F227F00DBF04E /* Menu */ = {
			isa = PBXGroup;
			children = (
				A4ACB0091B2DBED70037E00C /* MenuCell.h */,
				A4ACB00A1B2DBED70037E00C /* MenuCell.m */,
			);
			name = Menu;
			sourceTree = "<group>";
		};
		A46068A01B2F228B00DBF04E /* PersonInfo */ = {
			isa = PBXGroup;
			children = (
				A4F664CD1B3004F9006B2BC0 /* LifeWayInfo */,
				A46068A11B2F229C00DBF04E /* BaseInfo */,
			);
			name = PersonInfo;
			sourceTree = "<group>";
		};
		A46068A11B2F229C00DBF04E /* BaseInfo */ = {
			isa = PBXGroup;
			children = (
				A46068A21B2F22D500DBF04E /* BaseInfoCell.h */,
				A46068A31B2F22D500DBF04E /* BaseInfoCell.m */,
				A46068A41B2F22D500DBF04E /* BaseInfoCell.xib */,
			);
			name = BaseInfo;
			sourceTree = "<group>";
		};
		A4ACAF791B2D50670037E00C = {
			isa = PBXGroup;
			children = (
				A4ACAFD11B2D51AE0037E00C /* Frameworks */,
				A4ACAF841B2D50670037E00C /* XHHealthProject */,
				A4ACAF9E1B2D50670037E00C /* XHHealthProjectTests */,
				A4ACAF831B2D50670037E00C /* Products */,
			);
			sourceTree = "<group>";
		};
		A4ACAF831B2D50670037E00C /* Products */ = {
			isa = PBXGroup;
			children = (
				A4ACAF821B2D50670037E00C /* XHHealthProject.app */,
				A4ACAF9B1B2D50670037E00C /* XHHealthProjectTests.xctest */,
			);
			name = Products;
			sourceTree = "<group>";
		};
		A4ACAF841B2D50670037E00C /* XHHealthProject */ = {
			isa = PBXGroup;
			children = (
				A4ACB0081B2DBEA60037E00C /* Cell */,
				A4ACAFF91B2D8C2E0037E00C /* Model */,
				A4ACAFF51B2D8ADA0037E00C /* Utilitys */,
				A4ACAFE31B2D6D5F0037E00C /* Images */,
				A4ACAFDB1B2D68240037E00C /* VC */,
				A4ACAFD71B2D66E00037E00C /* BaseViewController */,
				A4ACAFD61B2D66C90037E00C /* CustomeView */,
				A4ACAFBE1B2D51510037E00C /* OpenSource */,
				A4ACAFAD1B2D513F0037E00C /* Common */,
				A4ACAF891B2D50670037E00C /* AppDelegate.h */,
				A4ACAF8A1B2D50670037E00C /* AppDelegate.m */,
				A4ACAF921B2D50670037E00C /* Images.xcassets */,
				A4ACAF851B2D50670037E00C /* Supporting Files */,
			);
			path = XHHealthProject;
			sourceTree = "<group>";
		};
		A4ACAF851B2D50670037E00C /* Supporting Files */ = {
			isa = PBXGroup;
			children = (
				A4ACAF861B2D50670037E00C /* Info.plist */,
				A4ACAF871B2D50670037E00C /* main.m */,
				A4ACAFAC1B2D51340037E00C /* XHHealthProject.pch */,
			);
			name = "Supporting Files";
			sourceTree = "<group>";
		};
		A4ACAF9E1B2D50670037E00C /* XHHealthProjectTests */ = {
			isa = PBXGroup;
			children = (
				A4ACAFA11B2D50670037E00C /* XHHealthProjectTests.m */,
				A4ACAF9F1B2D50670037E00C /* Supporting Files */,
			);
			path = XHHealthProjectTests;
			sourceTree = "<group>";
		};
		A4ACAF9F1B2D50670037E00C /* Supporting Files */ = {
			isa = PBXGroup;
			children = (
				A4ACAFA01B2D50670037E00C /* Info.plist */,
			);
			name = "Supporting Files";
			sourceTree = "<group>";
		};
		A4ACAFAD1B2D513F0037E00C /* Common */ = {
			isa = PBXGroup;
			children = (
				A4ACAFAE1B2D513F0037E00C /* Define.h */,
				A4ACAFAF1B2D513F0037E00C /* FileOperation.h */,
				A4ACAFB01B2D513F0037E00C /* FileOperation.m */,
				A4ACAFB11B2D513F0037E00C /* InterfaceDefine.h */,
				A4ACAFB21B2D513F0037E00C /* SQLHelp.h */,
				A4ACAFB31B2D513F0037E00C /* WSRequestManager.h */,
				A4ACAFB41B2D513F0037E00C /* WSRequestManager.m */,
				A4ACAFB51B2D513F0037E00C /* WSURLRequest.h */,
				A4ACAFB61B2D513F0037E00C /* WSURLRequest.m */,
				A4F665181B31CE81006B2BC0 /* XHHealthRequest.h */,
				A4F665191B31CE81006B2BC0 /* XHHealthRequest.m */,
			);
			path = Common;
			sourceTree = "<group>";
		};
		A4ACAFBE1B2D51510037E00C /* OpenSource */ = {
			isa = PBXGroup;
			children = (
				A4F751CB1B38272C00CEE7BE /* SDWebImage */,
				A4ACAFD21B2D65AC0037E00C /* MMDrawer */,
				A4ACAFBF1B2D51510037E00C /* GData */,
				A4ACAFC21B2D51510037E00C /* MBProgressHUD */,
				A4ACAFC51B2D51510037E00C /* SVProgressHUD */,
			);
			path = OpenSource;
			sourceTree = "<group>";
		};
		A4ACAFBF1B2D51510037E00C /* GData */ = {
			isa = PBXGroup;
			children = (
				A4ACAFC01B2D51510037E00C /* GDataXMLNode.h */,
				A4ACAFC11B2D51510037E00C /* GDataXMLNode.m */,
			);
			path = GData;
			sourceTree = "<group>";
		};
		A4ACAFC21B2D51510037E00C /* MBProgressHUD */ = {
			isa = PBXGroup;
			children = (
				A4ACAFC31B2D51510037E00C /* MBProgressHUD.h */,
				A4ACAFC41B2D51510037E00C /* MBProgressHUD.m */,
			);
			path = MBProgressHUD;
			sourceTree = "<group>";
		};
		A4ACAFC51B2D51510037E00C /* SVProgressHUD */ = {
			isa = PBXGroup;
			children = (
				A4ACAFC61B2D51510037E00C /* SVProgressHUD.bundle */,
				A4ACAFC71B2D51510037E00C /* SVProgressHUD.h */,
				A4ACAFC81B2D51510037E00C /* SVProgressHUD.m */,
			);
			path = SVProgressHUD;
			sourceTree = "<group>";
		};
		A4ACAFD11B2D51AE0037E00C /* Frameworks */ = {
			isa = PBXGroup;
			children = (
				A4ACAFCF1B2D51A50037E00C /* libxml2.dylib */,
				A4ACAFCD1B2D51A00037E00C /* libz.dylib */,
			);
			name = Frameworks;
			sourceTree = "<group>";
		};
		A4ACAFD21B2D65AC0037E00C /* MMDrawer */ = {
			isa = PBXGroup;
			children = (
				A4ACAFE71B2D74FD0037E00C /* UIViewController+MMDrawerController.h */,
				A4ACAFE81B2D74FD0037E00C /* UIViewController+MMDrawerController.m */,
				A4ACAFD31B2D65CB0037E00C /* MMDrawerController.h */,
				A4ACAFD41B2D65CB0037E00C /* MMDrawerController.m */,
			);
			name = MMDrawer;
			sourceTree = "<group>";
		};
		A4ACAFD61B2D66C90037E00C /* CustomeView */ = {
			isa = PBXGroup;
			children = (
				A4ACAFEF1B2D89AD0037E00C /* NavView */,
			);
			name = CustomeView;
			sourceTree = "<group>";
		};
		A4ACAFD71B2D66E00037E00C /* BaseViewController */ = {
			isa = PBXGroup;
			children = (
				A4ACAFD81B2D67700037E00C /* BaseVC.h */,
				A4ACAFD91B2D67700037E00C /* BaseVC.m */,
			);
			name = BaseViewController;
			sourceTree = "<group>";
		};
		A4ACAFDB1B2D68240037E00C /* VC */ = {
			isa = PBXGroup;
			children = (
				A4F752351B3B05A600CEE7BE /* EyeFundusExamVC */,
				A4F752191B3AE45800CEE7BE /* BiochemistryAndImmunityVC */,
				EF2880721B3ABEF100E073A7 /* RoutineBloodAndBloodVC */,
				EF28806A1B3AA32C00E073A7 /* BMDVC */,
				EF2880501B3A518B00E073A7 /* GardiacAndPulmonary */,
				A4F7520B1B38594700CEE7BE /* PressAndEcg */,
				A4F751C71B38197A00CEE7BE /* BodyComposition */,
				A4F751AC1B37DCC500CEE7BE /* BodyCheck */,
				A460689B1B2F21F400DBF04E /* PersonInfo */,
				A4ACB00F1B2EA3BC0037E00C /* LoginVC */,
				A4ACB0041B2DA9050037E00C /* LeftVC */,
				A4ACAFEE1B2D899C0037E00C /* HomeVC */,
			);
			name = VC;
			sourceTree = "<group>";
		};
		A4ACAFE31B2D6D5F0037E00C /* Images */ = {
			isa = PBXGroup;
			children = (
				A4F752751B3D8AA100CEE7BE /* Head */,
				A4F752391B3C536100CEE7BE /* Button */,
				A4ACB0131B2EA44C0037E00C /* Nav */,
				A4ACAFE41B2D6D690037E00C /* Login */,
			);
			name = Images;
			sourceTree = "<group>";
		};
		A4ACAFE41B2D6D690037E00C /* Login */ = {
			isa = PBXGroup;
			children = (
				A4ACAFEC1B2D7CA60037E00C /* self.png */,
				A4ACAFEA1B2D7C5A0037E00C /* searchbg.jpg */,
				A4ACAFE51B2D6DE80037E00C /* head.png */,
			);
			name = Login;
			sourceTree = "<group>";
		};
		A4ACAFEE1B2D899C0037E00C /* HomeVC */ = {
			isa = PBXGroup;
			children = (
				A4ACAFDC1B2D68490037E00C /* HomePageVC.h */,
				A4ACAFDD1B2D68490037E00C /* HomePageVC.m */,
			);
			name = HomeVC;
			sourceTree = "<group>";
		};
		A4ACAFEF1B2D89AD0037E00C /* NavView */ = {
			isa = PBXGroup;
			children = (
				A4ACAFDF1B2D69E80037E00C /* XHNavigationView.h */,
				A4ACAFE01B2D69E80037E00C /* XHNavigationView.m */,
			);
			name = NavView;
			sourceTree = "<group>";
		};
		A4ACAFF51B2D8ADA0037E00C /* Utilitys */ = {
			isa = PBXGroup;
			children = (
				A4ACAFF61B2D8B1A0037E00C /* UIColor+Category.h */,
				A4ACAFF71B2D8B1A0037E00C /* UIColor+Category.m */,
			);
			name = Utilitys;
			sourceTree = "<group>";
		};
		A4ACAFF91B2D8C2E0037E00C /* Model */ = {
			isa = PBXGroup;
			children = (
				A4F752251B3AF1EA00CEE7BE /* EyeFundusExam */,
				A4F752211B3AEFE300CEE7BE /* EyeOphthalmologyExam */,
				A4F7521D1B3AEDFF00CEE7BE /* EyeGeneralExam */,
				A4F752151B3AE0E200CEE7BE /* BiochemistryAndImmunity */,
				EF28806E1B3ABBE200E073A7 /* RoutineBloodAndBlood */,
				EF2880661B3AA25400E073A7 /* BMD */,
				EF28805F1B3A8D3900E073A7 /* GardiacAndPulmonary */,
				A4F752011B384CDB00CEE7BE /* ECG */,
				A4F751FD1B384BD400CEE7BE /* BloodPressure */,
				A4F751C01B37FF6500CEE7BE /* FitNess */,
				A4F751BC1B37FD8700CEE7BE /* LifeStyle */,
				A4F751B81B37FA0500CEE7BE /* DiseaseStatus */,
				A4F751B41B37F45100CEE7BE /* BodyCheck */,
				A4F751B01B37F0E200CEE7BE /* BaseInfo */,
				A4ACAFFA1B2D8C340037E00C /* HomePage */,
			);
			name = Model;
			sourceTree = "<group>";
		};
		A4ACAFFA1B2D8C340037E00C /* HomePage */ = {
			isa = PBXGroup;
			children = (
				A4ACAFFB1B2D8C3E0037E00C /* ButtonItem */,
			);
			name = HomePage;
			sourceTree = "<group>";
		};
		A4ACAFFB1B2D8C3E0037E00C /* ButtonItem */ = {
			isa = PBXGroup;
			children = (
				A4ACAFFC1B2D8C530037E00C /* ButtonItem.h */,
				A4ACAFFD1B2D8C530037E00C /* ButtonItem.m */,
			);
			name = ButtonItem;
			sourceTree = "<group>";
		};
		A4ACB0041B2DA9050037E00C /* LeftVC */ = {
			isa = PBXGroup;
			children = (
				A4ACB0051B2DA9210037E00C /* LeftMenuVC.h */,
				A4ACB0061B2DA9210037E00C /* LeftMenuVC.m */,
			);
			name = LeftVC;
			sourceTree = "<group>";
		};
		A4ACB0081B2DBEA60037E00C /* Cell */ = {
			isa = PBXGroup;
			children = (
				A4F7525E1B3C538700CEE7BE /* ButtonCollectionCell */,
				A4F7522F1B3AF44E00CEE7BE /* EyeFundusExamCell */,
				A4F752291B3AF35D00CEE7BE /* EyeGenerCheckCell */,
				EF2880591B3A70F800E073A7 /* PulmonaryInfoCell */,
				A4F7520F1B39BBEA00CEE7BE /* EcgBottomCell */,
				A4F752051B38506500CEE7BE /* BloodPressCell */,
				EF583E221B37A9B000450E7A /* FirstInfoCell */,
				EF583E1C1B37A99300450E7A /* SecondInfoCell */,
				EF7B96A71B36B80F009CF4DF /* FourthInfoCell */,
				EF7B96A11B36B7B8009CF4DF /* ThirdInfoCell */,
				A46068A01B2F228B00DBF04E /* PersonInfo */,
				A460689F1B2F227F00DBF04E /* Menu */,
			);
			name = Cell;
			sourceTree = "<group>";
		};
		A4ACB00F1B2EA3BC0037E00C /* LoginVC */ = {
			isa = PBXGroup;
			children = (
				A4F752F61B3FCEDB00CEE7BE /* PersonInfo */,
				A4ACB0101B2EA3D30037E00C /* LoginVC.h */,
				A4ACB0111B2EA3D30037E00C /* LoginVC.m */,
			);
			name = LoginVC;
			sourceTree = "<group>";
		};
		A4ACB0131B2EA44C0037E00C /* Nav */ = {
			isa = PBXGroup;
			children = (
				A4ACB0141B2EA4670037E00C /* back.png */,
			);
			name = Nav;
			sourceTree = "<group>";
		};
		A4F664CD1B3004F9006B2BC0 /* LifeWayInfo */ = {
			isa = PBXGroup;
			children = (
				A4F664CE1B300523006B2BC0 /* LifeWayInfoCell.h */,
				A4F664CF1B300523006B2BC0 /* LifeWayInfoCell.m */,
				A4F664D01B300523006B2BC0 /* LifeWayInfoCell.xib */,
			);
			name = LifeWayInfo;
			sourceTree = "<group>";
		};
		A4F751AC1B37DCC500CEE7BE /* BodyCheck */ = {
			isa = PBXGroup;
			children = (
				A4F751AD1B37DD1800CEE7BE /* BodyCheckVC.h */,
				A4F751AE1B37DD1800CEE7BE /* BodyCheckVC.m */,
			);
			name = BodyCheck;
			sourceTree = "<group>";
		};
		A4F751B01B37F0E200CEE7BE /* BaseInfo */ = {
			isa = PBXGroup;
			children = (
				A4F751B11B37F11200CEE7BE /* PersonInfoModel.h */,
				A4F751B21B37F11200CEE7BE /* PersonInfoModel.m */,
			);
			name = BaseInfo;
			sourceTree = "<group>";
		};
		A4F751B41B37F45100CEE7BE /* BodyCheck */ = {
			isa = PBXGroup;
			children = (
				A4F751B51B37F46D00CEE7BE /* BodyCheckModel.h */,
				A4F751B61B37F46D00CEE7BE /* BodyCheckModel.m */,
			);
			name = BodyCheck;
			sourceTree = "<group>";
		};
		A4F751B81B37FA0500CEE7BE /* DiseaseStatus */ = {
			isa = PBXGroup;
			children = (
				A4F751B91B37FA2200CEE7BE /* DiseaseStatusModel.h */,
				A4F751BA1B37FA2200CEE7BE /* DiseaseStatusModel.m */,
			);
			name = DiseaseStatus;
			sourceTree = "<group>";
		};
		A4F751BC1B37FD8700CEE7BE /* LifeStyle */ = {
			isa = PBXGroup;
			children = (
				A4F751BD1B37FD9800CEE7BE /* LifeStyleModel.h */,
				A4F751BE1B37FD9800CEE7BE /* LifeStyleModel.m */,
			);
			name = LifeStyle;
			sourceTree = "<group>";
		};
		A4F751C01B37FF6500CEE7BE /* FitNess */ = {
			isa = PBXGroup;
			children = (
				A4F751C11B37FF7200CEE7BE /* FitNessModel.h */,
				A4F751C21B37FF7200CEE7BE /* FitNessModel.m */,
			);
			name = FitNess;
			sourceTree = "<group>";
		};
		A4F751C71B38197A00CEE7BE /* BodyComposition */ = {
			isa = PBXGroup;
			children = (
				A4F751C81B38198B00CEE7BE /* BodyCompositionVC.h */,
				A4F751C91B38198B00CEE7BE /* BodyCompositionVC.m */,
			);
			name = BodyComposition;
			sourceTree = "<group>";
		};
		A4F751CB1B38272C00CEE7BE /* SDWebImage */ = {
			isa = PBXGroup;
			children = (
				A4F751CC1B38272C00CEE7BE /* MKAnnotationView+WebCache.h */,
				A4F751CD1B38272C00CEE7BE /* MKAnnotationView+WebCache.m */,
				A4F751CE1B38272C00CEE7BE /* NSData+ImageContentType.h */,
				A4F751CF1B38272C00CEE7BE /* NSData+ImageContentType.m */,
				A4F751D01B38272C00CEE7BE /* SDImageCache.h */,
				A4F751D11B38272C00CEE7BE /* SDImageCache.m */,
				A4F751D21B38272C00CEE7BE /* SDWebImageCompat.h */,
				A4F751D31B38272C00CEE7BE /* SDWebImageCompat.m */,
				A4F751D41B38272C00CEE7BE /* SDWebImageDecoder.h */,
				A4F751D51B38272C00CEE7BE /* SDWebImageDecoder.m */,
				A4F751D61B38272C00CEE7BE /* SDWebImageDownloader.h */,
				A4F751D71B38272C00CEE7BE /* SDWebImageDownloader.m */,
				A4F751D81B38272C00CEE7BE /* SDWebImageDownloaderOperation.h */,
				A4F751D91B38272C00CEE7BE /* SDWebImageDownloaderOperation.m */,
				A4F751DA1B38272C00CEE7BE /* SDWebImageManager.h */,
				A4F751DB1B38272C00CEE7BE /* SDWebImageManager.m */,
				A4F751DC1B38272C00CEE7BE /* SDWebImageOperation.h */,
				A4F751DD1B38272C00CEE7BE /* SDWebImagePrefetcher.h */,
				A4F751DE1B38272C00CEE7BE /* SDWebImagePrefetcher.m */,
				A4F751DF1B38272C00CEE7BE /* UIButton+WebCache.h */,
				A4F751E01B38272C00CEE7BE /* UIButton+WebCache.m */,
				A4F751E11B38272C00CEE7BE /* UIImage+GIF.h */,
				A4F751E21B38272C00CEE7BE /* UIImage+GIF.m */,
				A4F751E31B38272C00CEE7BE /* UIImage+MultiFormat.h */,
				A4F751E41B38272C00CEE7BE /* UIImage+MultiFormat.m */,
				A4F751E51B38272C00CEE7BE /* UIImage+WebP.h */,
				A4F751E61B38272C00CEE7BE /* UIImage+WebP.m */,
				A4F751E71B38272C00CEE7BE /* UIImageView+HighlightedWebCache.h */,
				A4F751E81B38272C00CEE7BE /* UIImageView+HighlightedWebCache.m */,
				A4F751E91B38272C00CEE7BE /* UIImageView+WebCache.h */,
				A4F751EA1B38272C00CEE7BE /* UIImageView+WebCache.m */,
				A4F751EB1B38272C00CEE7BE /* UIView+WebCacheOperation.h */,
				A4F751EC1B38272C00CEE7BE /* UIView+WebCacheOperation.m */,
			);
			path = SDWebImage;
			sourceTree = "<group>";
		};
		A4F751FD1B384BD400CEE7BE /* BloodPressure */ = {
			isa = PBXGroup;
			children = (
				A4F751FE1B384BE700CEE7BE /* BloodPressureModel.h */,
				A4F751FF1B384BE700CEE7BE /* BloodPressureModel.m */,
			);
			name = BloodPressure;
			sourceTree = "<group>";
		};
		A4F752011B384CDB00CEE7BE /* ECG */ = {
			isa = PBXGroup;
			children = (
				A4F752021B384CE700CEE7BE /* EcgModel.h */,
				A4F752031B384CE700CEE7BE /* EcgModel.m */,
			);
			name = ECG;
			sourceTree = "<group>";
		};
		A4F752051B38506500CEE7BE /* BloodPressCell */ = {
			isa = PBXGroup;
			children = (
				A4F752061B38508700CEE7BE /* BloodPressCell.h */,
				A4F752071B38508700CEE7BE /* BloodPressCell.m */,
				A4F752081B38508700CEE7BE /* BloodPressCell.xib */,
			);
			name = BloodPressCell;
			sourceTree = "<group>";
		};
		A4F7520B1B38594700CEE7BE /* PressAndEcg */ = {
			isa = PBXGroup;
			children = (
				A4F7520C1B38596300CEE7BE /* PressAndEcg.h */,
				A4F7520D1B38596300CEE7BE /* PressAndEcg.m */,
			);
			name = PressAndEcg;
			sourceTree = "<group>";
		};
		A4F7520F1B39BBEA00CEE7BE /* EcgBottomCell */ = {
			isa = PBXGroup;
			children = (
				A4F752101B39BC0E00CEE7BE /* EcgBottomCell.h */,
				A4F752111B39BC0E00CEE7BE /* EcgBottomCell.m */,
				A4F752121B39BC0E00CEE7BE /* EcgBottomCell.xib */,
			);
			name = EcgBottomCell;
			sourceTree = "<group>";
		};
		A4F752151B3AE0E200CEE7BE /* BiochemistryAndImmunity */ = {
			isa = PBXGroup;
			children = (
				A4F752161B3AE10100CEE7BE /* BiochemistryAndImmunityModel.h */,
				A4F752171B3AE10100CEE7BE /* BiochemistryAndImmunityModel.m */,
			);
			name = BiochemistryAndImmunity;
			sourceTree = "<group>";
		};
		A4F752191B3AE45800CEE7BE /* BiochemistryAndImmunityVC */ = {
			isa = PBXGroup;
			children = (
				A4F7521A1B3AE46A00CEE7BE /* BiochemistryAndImmunityVC.h */,
				A4F7521B1B3AE46A00CEE7BE /* BiochemistryAndImmunityVC.m */,
			);
			name = BiochemistryAndImmunityVC;
			sourceTree = "<group>";
		};
		A4F7521D1B3AEDFF00CEE7BE /* EyeGeneralExam */ = {
			isa = PBXGroup;
			children = (
				A4F7521E1B3AEE0C00CEE7BE /* EyeGeneralExamModel.h */,
				A4F7521F1B3AEE0C00CEE7BE /* EyeGeneralExamModel.m */,
			);
			name = EyeGeneralExam;
			sourceTree = "<group>";
		};
		A4F752211B3AEFE300CEE7BE /* EyeOphthalmologyExam */ = {
			isa = PBXGroup;
			children = (
				A4F752221B3AEFED00CEE7BE /* EyeOphthalmologyExamModel.h */,
				A4F752231B3AEFED00CEE7BE /* EyeOphthalmologyExamModel.m */,
			);
			name = EyeOphthalmologyExam;
			sourceTree = "<group>";
		};
		A4F752251B3AF1EA00CEE7BE /* EyeFundusExam */ = {
			isa = PBXGroup;
			children = (
				A4F752261B3AF1F300CEE7BE /* EyeFundusExamModel.h */,
				A4F752271B3AF1F300CEE7BE /* EyeFundusExamModel.m */,
			);
			name = EyeFundusExam;
			sourceTree = "<group>";
		};
		A4F752291B3AF35D00CEE7BE /* EyeGenerCheckCell */ = {
			isa = PBXGroup;
			children = (
				A4F7522A1B3AF37F00CEE7BE /* EyeGenerCheckCell.h */,
				A4F7522B1B3AF37F00CEE7BE /* EyeGenerCheckCell.m */,
				A4F7522C1B3AF37F00CEE7BE /* EyeGenerCheckCell.xib */,
			);
			name = EyeGenerCheckCell;
			sourceTree = "<group>";
		};
		A4F7522F1B3AF44E00CEE7BE /* EyeFundusExamCell */ = {
			isa = PBXGroup;
			children = (
				A4F752301B3AF47800CEE7BE /* EyeFundusExam.h */,
				A4F752311B3AF47800CEE7BE /* EyeFundusExam.m */,
				A4F752321B3AF47800CEE7BE /* EyeFundusExam.xib */,
			);
			name = EyeFundusExamCell;
			sourceTree = "<group>";
		};
		A4F752351B3B05A600CEE7BE /* EyeFundusExamVC */ = {
			isa = PBXGroup;
			children = (
				A4F752361B3B05CD00CEE7BE /* EyeFundusExamVC.h */,
				A4F752371B3B05CD00CEE7BE /* EyeFundusExamVC.m */,
			);
			name = EyeFundusExamVC;
			sourceTree = "<group>";
		};
		A4F752391B3C536100CEE7BE /* Button */ = {
			isa = PBXGroup;
			children = (
				A4F7523A1B3C537200CEE7BE /* 1_no.png */,
				A4F7523B1B3C537200CEE7BE /* 1.png */,
				A4F7523C1B3C537200CEE7BE /* 2_no.png */,
				A4F7523D1B3C537200CEE7BE /* 2.png */,
				A4F7523E1B3C537300CEE7BE /* 3_no.png */,
				A4F7523F1B3C537300CEE7BE /* 3.png */,
				A4F752401B3C537300CEE7BE /* 4_no.png */,
				A4F752411B3C537300CEE7BE /* 4.png */,
				A4F752421B3C537300CEE7BE /* 5_no.png */,
				A4F752431B3C537300CEE7BE /* 5.png */,
				A4F752441B3C537300CEE7BE /* 6_no.png */,
				A4F752451B3C537300CEE7BE /* 6.png */,
				A4F752461B3C537300CEE7BE /* 7_no.png */,
				A4F752471B3C537300CEE7BE /* 7.png */,
				A4F752481B3C537300CEE7BE /* 8_no.png */,
				A4F752491B3C537300CEE7BE /* 8.png */,
				A4F7524A1B3C537300CEE7BE /* 9_no.png */,
				A4F7524B1B3C537300CEE7BE /* 9.png */,
			);
			name = Button;
			sourceTree = "<group>";
		};
		A4F7525E1B3C538700CEE7BE /* ButtonCollectionCell */ = {
			isa = PBXGroup;
			children = (
				A4F7525F1B3C53BD00CEE7BE /* ButtonCollectionCell.h */,
				A4F752601B3C53BD00CEE7BE /* ButtonCollectionCell.m */,
				A4F752611B3C53BD00CEE7BE /* ButtonCollectionCell.xib */,
			);
			name = ButtonCollectionCell;
			sourceTree = "<group>";
		};
		A4F752751B3D8AA100CEE7BE /* Head */ = {
			isa = PBXGroup;
			children = (
				A4F752761B3D8AC300CEE7BE /* top.png */,
				A4F752771B3D8AC300CEE7BE /* bottom.png */,
				A4F752781B3D8AC300CEE7BE /* line.gif */,
				A4F752791B3D8AC300CEE7BE /* wenjuan.png */,
				A4F7527A1B3D8AC300CEE7BE /* tizhi.png */,
				A4F7527B1B3D8AC300CEE7BE /* shenti.png */,
				A4F7527C1B3D8AC300CEE7BE /* pressecg.png */,
				A4F7527D1B3D8AC300CEE7BE /* headfunction.png */,
				A4F7527E1B3D8AC300CEE7BE /* bond.png */,
				A4F7527F1B3D8AC300CEE7BE /* eye.png */,
				A4F752801B3D8AC300CEE7BE /* blood.png */,
				A4F752811B3D8AC300CEE7BE /* shenghua.png */,
				A4F752821B3D8AC300CEE7BE /* 项目详情.png */,
				A4F752831B3D8AC300CEE7BE /* point.png */,
			);
			name = Head;
			sourceTree = "<group>";
		};
		A4F752F61B3FCEDB00CEE7BE /* PersonInfo */ = {
			isa = PBXGroup;
			children = (
				A4F752F71B3FCF0500CEE7BE /* PersonLoginInfoVC.h */,
				A4F752F81B3FCF0500CEE7BE /* PersonLoginInfoVC.m */,
			);
			name = PersonInfo;
			sourceTree = "<group>";
		};
		EF2880501B3A518B00E073A7 /* GardiacAndPulmonary */ = {
			isa = PBXGroup;
			children = (
				EF2880511B3A51D200E073A7 /* GardiacAndPulmonary.h */,
				EF2880521B3A51D200E073A7 /* GardiacAndPulmonary.m */,
			);
			name = GardiacAndPulmonary;
			sourceTree = "<group>";
		};
		EF2880591B3A70F800E073A7 /* PulmonaryInfoCell */ = {
			isa = PBXGroup;
			children = (
				EF28805A1B3A714200E073A7 /* PulmonaryInfoCell.h */,
				EF28805B1B3A714200E073A7 /* PulmonaryInfoCell.m */,
				EF28805C1B3A714200E073A7 /* PulmonaryInfoCell.xib */,
			);
			name = PulmonaryInfoCell;
			sourceTree = "<group>";
		};
		EF28805F1B3A8D3900E073A7 /* GardiacAndPulmonary */ = {
			isa = PBXGroup;
			children = (
				EF2880601B3A8D5C00E073A7 /* GardiacModel.h */,
				EF2880611B3A8D5C00E073A7 /* GardiacModel.m */,
				EF2880631B3A8D6F00E073A7 /* pulmonaryModel.h */,
				EF2880641B3A8D6F00E073A7 /* pulmonaryModel.m */,
			);
			name = GardiacAndPulmonary;
			sourceTree = "<group>";
		};
		EF2880661B3AA25400E073A7 /* BMD */ = {
			isa = PBXGroup;
			children = (
				EF2880671B3AA27300E073A7 /* BMDModel.h */,
				EF2880681B3AA27300E073A7 /* BMDModel.m */,
			);
			name = BMD;
			sourceTree = "<group>";
		};
		EF28806A1B3AA32C00E073A7 /* BMDVC */ = {
			isa = PBXGroup;
			children = (
				EF28806B1B3AA34400E073A7 /* BMDViewController.h */,
				EF28806C1B3AA34400E073A7 /* BMDViewController.m */,
			);
			name = BMDVC;
			sourceTree = "<group>";
		};
		EF28806E1B3ABBE200E073A7 /* RoutineBloodAndBlood */ = {
			isa = PBXGroup;
			children = (
				EF28806F1B3ABC1000E073A7 /* RoutineBloodAndBloodModel.h */,
				EF2880701B3ABC1000E073A7 /* RoutineBloodAndBloodModel.m */,
			);
			name = RoutineBloodAndBlood;
			sourceTree = "<group>";
		};
		EF2880721B3ABEF100E073A7 /* RoutineBloodAndBloodVC */ = {
			isa = PBXGroup;
			children = (
				EF2880731B3ABEFF00E073A7 /* RoutineBloodAndBloodViewController.h */,
				EF2880741B3ABEFF00E073A7 /* RoutineBloodAndBloodViewController.m */,
			);
			name = RoutineBloodAndBloodVC;
			sourceTree = "<group>";
		};
		EF583E1C1B37A99300450E7A /* SecondInfoCell */ = {
			isa = PBXGroup;
			children = (
				EF583E1D1B37A9A800450E7A /* SecondCell.h */,
				EF583E1E1B37A9A800450E7A /* SecondCell.m */,
				EF583E1F1B37A9A800450E7A /* SecondCell.xib */,
			);
			name = SecondInfoCell;
			sourceTree = "<group>";
		};
		EF583E221B37A9B000450E7A /* FirstInfoCell */ = {
			isa = PBXGroup;
			children = (
				EF583E231B37A9C600450E7A /* FirstCell.h */,
				EF583E241B37A9C600450E7A /* FirstCell.m */,
				EF583E251B37A9C600450E7A /* FirstCell.xib */,
			);
			name = FirstInfoCell;
			sourceTree = "<group>";
		};
		EF7B96A11B36B7B8009CF4DF /* ThirdInfoCell */ = {
			isa = PBXGroup;
			children = (
				EF7B96A21B36B802009CF4DF /* ThirdInfoCell.h */,
				EF7B96A31B36B802009CF4DF /* ThirdInfoCell.m */,
				EF7B96A41B36B802009CF4DF /* ThirdInfoCell.xib */,
			);
			name = ThirdInfoCell;
			sourceTree = "<group>";
		};
		EF7B96A71B36B80F009CF4DF /* FourthInfoCell */ = {
			isa = PBXGroup;
			children = (
				EF7B96A81B36B836009CF4DF /* FourthInfoCell.h */,
				EF7B96A91B36B836009CF4DF /* FourthInfoCell.m */,
				EF7B96AA1B36B836009CF4DF /* FourthInfoCell.xib */,
			);
			name = FourthInfoCell;
			sourceTree = "<group>";
		};
/* End PBXGroup section */

/* Begin PBXNativeTarget section */
		A4ACAF811B2D50670037E00C /* XHHealthProject */ = {
			isa = PBXNativeTarget;
			buildConfigurationList = A4ACAFA51B2D50670037E00C /* Build configuration list for PBXNativeTarget "XHHealthProject" */;
			buildPhases = (
				A4ACAF7E1B2D50670037E00C /* Sources */,
				A4ACAF7F1B2D50670037E00C /* Frameworks */,
				A4ACAF801B2D50670037E00C /* Resources */,
			);
			buildRules = (
			);
			dependencies = (
			);
			name = XHHealthProject;
			productName = XHHealthProject;
			productReference = A4ACAF821B2D50670037E00C /* XHHealthProject.app */;
			productType = "com.apple.product-type.application";
		};
		A4ACAF9A1B2D50670037E00C /* XHHealthProjectTests */ = {
			isa = PBXNativeTarget;
			buildConfigurationList = A4ACAFA81B2D50670037E00C /* Build configuration list for PBXNativeTarget "XHHealthProjectTests" */;
			buildPhases = (
				A4ACAF971B2D50670037E00C /* Sources */,
				A4ACAF981B2D50670037E00C /* Frameworks */,
				A4ACAF991B2D50670037E00C /* Resources */,
			);
			buildRules = (
			);
			dependencies = (
				A4ACAF9D1B2D50670037E00C /* PBXTargetDependency */,
			);
			name = XHHealthProjectTests;
			productName = XHHealthProjectTests;
			productReference = A4ACAF9B1B2D50670037E00C /* XHHealthProjectTests.xctest */;
			productType = "com.apple.product-type.bundle.unit-test";
		};
/* End PBXNativeTarget section */

/* Begin PBXProject section */
		A4ACAF7A1B2D50670037E00C /* Project object */ = {
			isa = PBXProject;
			attributes = {
				LastUpgradeCheck = 0630;
				ORGANIZATIONNAME = AlexYang;
				TargetAttributes = {
					A4ACAF811B2D50670037E00C = {
						CreatedOnToolsVersion = 6.3.1;
					};
					A4ACAF9A1B2D50670037E00C = {
						CreatedOnToolsVersion = 6.3.1;
						TestTargetID = A4ACAF811B2D50670037E00C;
					};
				};
			};
			buildConfigurationList = A4ACAF7D1B2D50670037E00C /* Build configuration list for PBXProject "XHHealthProject" */;
			compatibilityVersion = "Xcode 3.2";
			developmentRegion = English;
			hasScannedForEncodings = 0;
			knownRegions = (
				en,
				Base,
			);
			mainGroup = A4ACAF791B2D50670037E00C;
			productRefGroup = A4ACAF831B2D50670037E00C /* Products */;
			projectDirPath = "";
			projectRoot = "";
			targets = (
				A4ACAF811B2D50670037E00C /* XHHealthProject */,
				A4ACAF9A1B2D50670037E00C /* XHHealthProjectTests */,
			);
		};
/* End PBXProject section */

/* Begin PBXResourcesBuildPhase section */
		A4ACAF801B2D50670037E00C /* Resources */ = {
			isa = PBXResourcesBuildPhase;
			buildActionMask = 2147483647;
			files = (
				A4F752911B3D8AC300CEE7BE /* point.png in Resources */,
				A4F7525B1B3C537300CEE7BE /* 8.png in Resources */,
				A4F752631B3C53BD00CEE7BE /* ButtonCollectionCell.xib in Resources */,
				A4F7524C1B3C537300CEE7BE /* 1_no.png in Resources */,
				A4F7525C1B3C537300CEE7BE /* 9_no.png in Resources */,
				A4F752561B3C537300CEE7BE /* 6_no.png in Resources */,
				A4F752841B3D8AC300CEE7BE /* top.png in Resources */,
				A4F752891B3D8AC300CEE7BE /* shenti.png in Resources */,
				A4F752141B39BC0E00CEE7BE /* EcgBottomCell.xib in Resources */,
				A4ACAF931B2D50670037E00C /* Images.xcassets in Resources */,
				A4F752531B3C537300CEE7BE /* 4.png in Resources */,
				A4F752871B3D8AC300CEE7BE /* wenjuan.png in Resources */,
				A4F752521B3C537300CEE7BE /* 4_no.png in Resources */,
				A4F664D21B300523006B2BC0 /* LifeWayInfoCell.xib in Resources */,
				A4F752551B3C537300CEE7BE /* 5.png in Resources */,
				A4ACAFED1B2D7CA60037E00C /* self.png in Resources */,
				A4F752571B3C537300CEE7BE /* 6.png in Resources */,
				EF28805E1B3A714200E073A7 /* PulmonaryInfoCell.xib in Resources */,
				A4F752851B3D8AC300CEE7BE /* bottom.png in Resources */,
				A4F7528E1B3D8AC300CEE7BE /* blood.png in Resources */,
				A4ACB0151B2EA4670037E00C /* back.png in Resources */,
				A4F752581B3C537300CEE7BE /* 7_no.png in Resources */,
				A4F752861B3D8AC300CEE7BE /* line.gif in Resources */,
				A4F7528B1B3D8AC300CEE7BE /* headfunction.png in Resources */,
				A4F7528A1B3D8AC300CEE7BE /* pressecg.png in Resources */,
				EF583E211B37A9A800450E7A /* SecondCell.xib in Resources */,
				A4F752901B3D8AC300CEE7BE /* 项目详情.png in Resources */,
				A4F7524D1B3C537300CEE7BE /* 1.png in Resources */,
				A4F7525A1B3C537300CEE7BE /* 8_no.png in Resources */,
				A4F7524F1B3C537300CEE7BE /* 2.png in Resources */,
				A4F752541B3C537300CEE7BE /* 5_no.png in Resources */,
				A46068A61B2F22D500DBF04E /* BaseInfoCell.xib in Resources */,
				A4F752511B3C537300CEE7BE /* 3.png in Resources */,
				A4F752341B3AF47800CEE7BE /* EyeFundusExam.xib in Resources */,
				A4F7525D1B3C537300CEE7BE /* 9.png in Resources */,
				A4F752501B3C537300CEE7BE /* 3_no.png in Resources */,
				A4F7522E1B3AF37F00CEE7BE /* EyeGenerCheckCell.xib in Resources */,
				A4F752591B3C537300CEE7BE /* 7.png in Resources */,
				A4F7528F1B3D8AC300CEE7BE /* shenghua.png in Resources */,
				A4F7528D1B3D8AC300CEE7BE /* eye.png in Resources */,
				A4ACAFCB1B2D51510037E00C /* SVProgressHUD.bundle in Resources */,
				A4ACAFEB1B2D7C5A0037E00C /* searchbg.jpg in Resources */,
				EF7B96A61B36B802009CF4DF /* ThirdInfoCell.xib in Resources */,
				A4ACAFE61B2D6DE80037E00C /* head.png in Resources */,
				EF583E271B37A9C600450E7A /* FirstCell.xib in Resources */,
				A4F7524E1B3C537300CEE7BE /* 2_no.png in Resources */,
				EF7B96AC1B36B836009CF4DF /* FourthInfoCell.xib in Resources */,
				A4F7528C1B3D8AC300CEE7BE /* bond.png in Resources */,
				A4F752881B3D8AC300CEE7BE /* tizhi.png in Resources */,
				A4F7520A1B38508700CEE7BE /* BloodPressCell.xib in Resources */,
			);
			runOnlyForDeploymentPostprocessing = 0;
		};
		A4ACAF991B2D50670037E00C /* Resources */ = {
			isa = PBXResourcesBuildPhase;
			buildActionMask = 2147483647;
			files = (
			);
			runOnlyForDeploymentPostprocessing = 0;
		};
/* End PBXResourcesBuildPhase section */

/* Begin PBXSourcesBuildPhase section */
		A4ACAF7E1B2D50670037E00C /* Sources */ = {
			isa = PBXSourcesBuildPhase;
			buildActionMask = 2147483647;
			files = (
				A46068891B2F04F100DBF04E /* MenuCell.m in Sources */,
				A460688A1B2F04F100DBF04E /* ButtonItem.m in Sources */,
				EF583E201B37A9A800450E7A /* SecondCell.m in Sources */,
				A4F752281B3AF1F300CEE7BE /* EyeFundusExamModel.m in Sources */,
				A4F751BB1B37FA2200CEE7BE /* DiseaseStatusModel.m in Sources */,
				A460688B1B2F04F100DBF04E /* UIColor+Category.m in Sources */,
				A460688C1B2F04F100DBF04E /* LoginVC.m in Sources */,
				EF2880711B3ABC1000E073A7 /* RoutineBloodAndBloodModel.m in Sources */,
				A46068A51B2F22D500DBF04E /* BaseInfoCell.m in Sources */,
				EF7B96A51B36B802009CF4DF /* ThirdInfoCell.m in Sources */,
				A4F752F91B3FCF0500CEE7BE /* PersonLoginInfoVC.m in Sources */,
				A4F751B31B37F11200CEE7BE /* PersonInfoModel.m in Sources */,
				A460688D1B2F04F100DBF04E /* LeftMenuVC.m in Sources */,
				A4F7521C1B3AE46A00CEE7BE /* BiochemistryAndImmunityVC.m in Sources */,
				A4F752331B3AF47800CEE7BE /* EyeFundusExam.m in Sources */,
				A4F752181B3AE10100CEE7BE /* BiochemistryAndImmunityModel.m in Sources */,
				A460688E1B2F04F100DBF04E /* HomePageVC.m in Sources */,
				A460688F1B2F04F100DBF04E /* BaseVC.m in Sources */,
				A4F751FC1B38272C00CEE7BE /* UIView+WebCacheOperation.m in Sources */,
				A46068901B2F04F100DBF04E /* XHNavigationView.m in Sources */,
				A4F751F11B38272C00CEE7BE /* SDWebImageDecoder.m in Sources */,
				A4F751BF1B37FD9800CEE7BE /* LifeStyleModel.m in Sources */,
				A4F751F41B38272C00CEE7BE /* SDWebImageManager.m in Sources */,
				A46068911B2F04F100DBF04E /* UIViewController+MMDrawerController.m in Sources */,
				A46068921B2F04F100DBF04E /* MMDrawerController.m in Sources */,
				A4F751FA1B38272C00CEE7BE /* UIImageView+HighlightedWebCache.m in Sources */,
				A4F752381B3B05CD00CEE7BE /* EyeFundusExamVC.m in Sources */,
				A4F751F71B38272C00CEE7BE /* UIImage+GIF.m in Sources */,
				A4F751B71B37F46D00CEE7BE /* BodyCheckModel.m in Sources */,
				A46068931B2F04F100DBF04E /* GDataXMLNode.m in Sources */,
				A4F752241B3AEFED00CEE7BE /* EyeOphthalmologyExamModel.m in Sources */,
				A4F7520E1B38596300CEE7BE /* PressAndEcg.m in Sources */,
				A4F751EF1B38272C00CEE7BE /* SDImageCache.m in Sources */,
				EF2880621B3A8D5C00E073A7 /* GardiacModel.m in Sources */,
				A4F752621B3C53BD00CEE7BE /* ButtonCollectionCell.m in Sources */,
				A4F751ED1B38272C00CEE7BE /* MKAnnotationView+WebCache.m in Sources */,
				A4F751F31B38272C00CEE7BE /* SDWebImageDownloaderOperation.m in Sources */,
				A460689E1B2F220E00DBF04E /* PersonInfoVC.m in Sources */,
				EF2880651B3A8D6F00E073A7 /* pulmonaryModel.m in Sources */,
				A46068941B2F04F100DBF04E /* MBProgressHUD.m in Sources */,
				A4F751F61B38272C00CEE7BE /* UIButton+WebCache.m in Sources */,
				EF583E261B37A9C600450E7A /* FirstCell.m in Sources */,
				A4F751F21B38272C00CEE7BE /* SDWebImageDownloader.m in Sources */,
				A4F751EE1B38272C00CEE7BE /* NSData+ImageContentType.m in Sources */,
				A4F752001B384BE700CEE7BE /* BloodPressureModel.m in Sources */,
				EF7B96AB1B36B836009CF4DF /* FourthInfoCell.m in Sources */,
				A4F7522D1B3AF37F00CEE7BE /* EyeGenerCheckCell.m in Sources */,
				EF2880691B3AA27300E073A7 /* BMDModel.m in Sources */,
				EF28806D1B3AA34400E073A7 /* BMDViewController.m in Sources */,
				A4F752131B39BC0E00CEE7BE /* EcgBottomCell.m in Sources */,
				A4F664D11B300523006B2BC0 /* LifeWayInfoCell.m in Sources */,
				EF583E2A1B37AE2700450E7A /* SurveyInfoVC.m in Sources */,
				A4F751F91B38272C00CEE7BE /* UIImage+WebP.m in Sources */,
				EF2880751B3ABEFF00E073A7 /* RoutineBloodAndBloodViewController.m in Sources */,
				A4F6651A1B31CE81006B2BC0 /* XHHealthRequest.m in Sources */,
				A46068951B2F04F100DBF04E /* SVProgressHUD.m in Sources */,
				A4F751F51B38272C00CEE7BE /* SDWebImagePrefetcher.m in Sources */,
				A4F751F81B38272C00CEE7BE /* UIImage+MultiFormat.m in Sources */,
				A4F752041B384CE700CEE7BE /* EcgModel.m in Sources */,
				A4F752091B38508700CEE7BE /* BloodPressCell.m in Sources */,
				EF28805D1B3A714200E073A7 /* PulmonaryInfoCell.m in Sources */,
				EF2880531B3A51D200E073A7 /* GardiacAndPulmonary.m in Sources */,
				A4F751F01B38272C00CEE7BE /* SDWebImageCompat.m in Sources */,
				A46068961B2F04F100DBF04E /* FileOperation.m in Sources */,
				A4F752201B3AEE0C00CEE7BE /* EyeGeneralExamModel.m in Sources */,
				A46068971B2F04F100DBF04E /* WSRequestManager.m in Sources */,
				A46068981B2F04F100DBF04E /* WSURLRequest.m in Sources */,
				A4F751AF1B37DD1800CEE7BE /* BodyCheckVC.m in Sources */,
				A46068991B2F04F100DBF04E /* AppDelegate.m in Sources */,
				A4F751C31B37FF7200CEE7BE /* FitNessModel.m in Sources */,
				A4F751FB1B38272C00CEE7BE /* UIImageView+WebCache.m in Sources */,
				A460689A1B2F04F100DBF04E /* main.m in Sources */,
				A4F751CA1B38198B00CEE7BE /* BodyCompositionVC.m in Sources */,
			);
			runOnlyForDeploymentPostprocessing = 0;
		};
		A4ACAF971B2D50670037E00C /* Sources */ = {
			isa = PBXSourcesBuildPhase;
			buildActionMask = 2147483647;
			files = (
				A4ACAFA21B2D50670037E00C /* XHHealthProjectTests.m in Sources */,
			);
			runOnlyForDeploymentPostprocessing = 0;
		};
/* End PBXSourcesBuildPhase section */

/* Begin PBXTargetDependency section */
		A4ACAF9D1B2D50670037E00C /* PBXTargetDependency */ = {
			isa = PBXTargetDependency;
			target = A4ACAF811B2D50670037E00C /* XHHealthProject */;
			targetProxy = A4ACAF9C1B2D50670037E00C /* PBXContainerItemProxy */;
		};
/* End PBXTargetDependency section */

/* Begin XCBuildConfiguration section */
		A4ACAFA31B2D50670037E00C /* Debug */ = {
			isa = XCBuildConfiguration;
			buildSettings = {
				ALWAYS_SEARCH_USER_PATHS = NO;
				CLANG_CXX_LANGUAGE_STANDARD = "gnu++0x";
				CLANG_CXX_LIBRARY = "libc++";
				CLANG_ENABLE_MODULES = YES;
				CLANG_ENABLE_OBJC_ARC = YES;
				CLANG_WARN_BOOL_CONVERSION = YES;
				CLANG_WARN_CONSTANT_CONVERSION = YES;
				CLANG_WARN_DIRECT_OBJC_ISA_USAGE = YES_ERROR;
				CLANG_WARN_EMPTY_BODY = YES;
				CLANG_WARN_ENUM_CONVERSION = YES;
				CLANG_WARN_INT_CONVERSION = YES;
				CLANG_WARN_OBJC_ROOT_CLASS = YES_ERROR;
				CLANG_WARN_UNREACHABLE_CODE = YES;
				CLANG_WARN__DUPLICATE_METHOD_MATCH = YES;
				"CODE_SIGN_IDENTITY[sdk=iphoneos*]" = "iPhone Developer";
				COPY_PHASE_STRIP = NO;
				DEBUG_INFORMATION_FORMAT = "dwarf-with-dsym";
				ENABLE_STRICT_OBJC_MSGSEND = YES;
				GCC_C_LANGUAGE_STANDARD = gnu99;
				GCC_DYNAMIC_NO_PIC = NO;
				GCC_NO_COMMON_BLOCKS = YES;
				GCC_OPTIMIZATION_LEVEL = 0;
				GCC_PREPROCESSOR_DEFINITIONS = (
					"DEBUG=1",
					"$(inherited)",
				);
				GCC_SYMBOLS_PRIVATE_EXTERN = NO;
				GCC_WARN_64_TO_32_BIT_CONVERSION = YES;
				GCC_WARN_ABOUT_RETURN_TYPE = YES_ERROR;
				GCC_WARN_UNDECLARED_SELECTOR = YES;
				GCC_WARN_UNINITIALIZED_AUTOS = YES_AGGRESSIVE;
				GCC_WARN_UNUSED_FUNCTION = YES;
				GCC_WARN_UNUSED_VARIABLE = YES;
				IPHONEOS_DEPLOYMENT_TARGET = 8.3;
				MTL_ENABLE_DEBUG_INFO = YES;
				ONLY_ACTIVE_ARCH = YES;
				SDKROOT = iphoneos;
				TARGETED_DEVICE_FAMILY = "1,2";
			};
			name = Debug;
		};
		A4ACAFA41B2D50670037E00C /* Release */ = {
			isa = XCBuildConfiguration;
			buildSettings = {
				ALWAYS_SEARCH_USER_PATHS = NO;
				CLANG_CXX_LANGUAGE_STANDARD = "gnu++0x";
				CLANG_CXX_LIBRARY = "libc++";
				CLANG_ENABLE_MODULES = YES;
				CLANG_ENABLE_OBJC_ARC = YES;
				CLANG_WARN_BOOL_CONVERSION = YES;
				CLANG_WARN_CONSTANT_CONVERSION = YES;
				CLANG_WARN_DIRECT_OBJC_ISA_USAGE = YES_ERROR;
				CLANG_WARN_EMPTY_BODY = YES;
				CLANG_WARN_ENUM_CONVERSION = YES;
				CLANG_WARN_INT_CONVERSION = YES;
				CLANG_WARN_OBJC_ROOT_CLASS = YES_ERROR;
				CLANG_WARN_UNREACHABLE_CODE = YES;
				CLANG_WARN__DUPLICATE_METHOD_MATCH = YES;
				"CODE_SIGN_IDENTITY[sdk=iphoneos*]" = "iPhone Developer";
				COPY_PHASE_STRIP = NO;
				DEBUG_INFORMATION_FORMAT = "dwarf-with-dsym";
				ENABLE_NS_ASSERTIONS = NO;
				ENABLE_STRICT_OBJC_MSGSEND = YES;
				GCC_C_LANGUAGE_STANDARD = gnu99;
				GCC_NO_COMMON_BLOCKS = YES;
				GCC_WARN_64_TO_32_BIT_CONVERSION = YES;
				GCC_WARN_ABOUT_RETURN_TYPE = YES_ERROR;
				GCC_WARN_UNDECLARED_SELECTOR = YES;
				GCC_WARN_UNINITIALIZED_AUTOS = YES_AGGRESSIVE;
				GCC_WARN_UNUSED_FUNCTION = YES;
				GCC_WARN_UNUSED_VARIABLE = YES;
				IPHONEOS_DEPLOYMENT_TARGET = 8.3;
				MTL_ENABLE_DEBUG_INFO = NO;
				SDKROOT = iphoneos;
				TARGETED_DEVICE_FAMILY = "1,2";
				VALIDATE_PRODUCT = YES;
			};
			name = Release;
		};
		A4ACAFA61B2D50670037E00C /* Debug */ = {
			isa = XCBuildConfiguration;
			buildSettings = {
				ASSETCATALOG_COMPILER_APPICON_NAME = AppIcon;
				ASSETCATALOG_COMPILER_LAUNCHIMAGE_NAME = LaunchImage;
				GCC_PRECOMPILE_PREFIX_HEADER = YES;
				GCC_PREFIX_HEADER = XHHealthProject/XHHealthProject.pch;
				HEADER_SEARCH_PATHS = (
					"$(inherited)",
					/Applications/Xcode.app/Contents/Developer/Toolchains/XcodeDefault.xctoolchain/usr/include,
					/usr/include/libxml2,
				);
				INFOPLIST_FILE = XHHealthProject/Info.plist;
				IPHONEOS_DEPLOYMENT_TARGET = 7.0;
				LD_RUNPATH_SEARCH_PATHS = "$(inherited) @executable_path/Frameworks";
				PRODUCT_NAME = "$(TARGET_NAME)";
				TARGETED_DEVICE_FAMILY = 1;
			};
			name = Debug;
		};
		A4ACAFA71B2D50670037E00C /* Release */ = {
			isa = XCBuildConfiguration;
			buildSettings = {
				ASSETCATALOG_COMPILER_APPICON_NAME = AppIcon;
				ASSETCATALOG_COMPILER_LAUNCHIMAGE_NAME = LaunchImage;
				GCC_PRECOMPILE_PREFIX_HEADER = YES;
				GCC_PREFIX_HEADER = XHHealthProject/XHHealthProject.pch;
				HEADER_SEARCH_PATHS = (
					"$(inherited)",
					/Applications/Xcode.app/Contents/Developer/Toolchains/XcodeDefault.xctoolchain/usr/include,
					/usr/include/libxml2,
				);
				INFOPLIST_FILE = XHHealthProject/Info.plist;
				IPHONEOS_DEPLOYMENT_TARGET = 7.0;
				LD_RUNPATH_SEARCH_PATHS = "$(inherited) @executable_path/Frameworks";
				PRODUCT_NAME = "$(TARGET_NAME)";
				TARGETED_DEVICE_FAMILY = 1;
			};
			name = Release;
		};
		A4ACAFA91B2D50670037E00C /* Debug */ = {
			isa = XCBuildConfiguration;
			buildSettings = {
				BUNDLE_LOADER = "$(TEST_HOST)";
				FRAMEWORK_SEARCH_PATHS = (
					"$(SDKROOT)/Developer/Library/Frameworks",
					"$(inherited)",
				);
				GCC_PREPROCESSOR_DEFINITIONS = (
					"DEBUG=1",
					"$(inherited)",
				);
				INFOPLIST_FILE = XHHealthProjectTests/Info.plist;
				LD_RUNPATH_SEARCH_PATHS = "$(inherited) @executable_path/Frameworks @loader_path/Frameworks";
				PRODUCT_NAME = "$(TARGET_NAME)";
				TEST_HOST = "$(BUILT_PRODUCTS_DIR)/XHHealthProject.app/XHHealthProject";
			};
			name = Debug;
		};
		A4ACAFAA1B2D50670037E00C /* Release */ = {
			isa = XCBuildConfiguration;
			buildSettings = {
				BUNDLE_LOADER = "$(TEST_HOST)";
				FRAMEWORK_SEARCH_PATHS = (
					"$(SDKROOT)/Developer/Library/Frameworks",
					"$(inherited)",
				);
				INFOPLIST_FILE = XHHealthProjectTests/Info.plist;
				LD_RUNPATH_SEARCH_PATHS = "$(inherited) @executable_path/Frameworks @loader_path/Frameworks";
				PRODUCT_NAME = "$(TARGET_NAME)";
				TEST_HOST = "$(BUILT_PRODUCTS_DIR)/XHHealthProject.app/XHHealthProject";
			};
			name = Release;
		};
/* End XCBuildConfiguration section */

/* Begin XCConfigurationList section */
		A4ACAF7D1B2D50670037E00C /* Build configuration list for PBXProject "XHHealthProject" */ = {
			isa = XCConfigurationList;
			buildConfigurations = (
				A4ACAFA31B2D50670037E00C /* Debug */,
				A4ACAFA41B2D50670037E00C /* Release */,
			);
			defaultConfigurationIsVisible = 0;
			defaultConfigurationName = Release;
		};
		A4ACAFA51B2D50670037E00C /* Build configuration list for PBXNativeTarget "XHHealthProject" */ = {
			isa = XCConfigurationList;
			buildConfigurations = (
				A4ACAFA61B2D50670037E00C /* Debug */,
				A4ACAFA71B2D50670037E00C /* Release */,
			);
			defaultConfigurationIsVisible = 0;
			defaultConfigurationName = Release;
		};
		A4ACAFA81B2D50670037E00C /* Build configuration list for PBXNativeTarget "XHHealthProjectTests" */ = {
			isa = XCConfigurationList;
			buildConfigurations = (
				A4ACAFA91B2D50670037E00C /* Debug */,
				A4ACAFAA1B2D50670037E00C /* Release */,
			);
			defaultConfigurationIsVisible = 0;
			defaultConfigurationName = Release;
		};
/* End XCConfigurationList section */
	};
	rootObject = A4ACAF7A1B2D50670037E00C /* Project object */;
}
